// !$*UTF8*$!
{ archiveVersion = 1; classes = {}; objectVersion = 56; objects = {
		DD59942430E541A80C8E8E3F = { isa = PBXFileReference; lastKnownFileType = sourcecode.swift; path = "Sources/DaBin/AppDelegate.swift"; sourceTree = SOURCE_ROOT; };
		2D4543B63F78FDAB42569305 = { isa = PBXBuildFile; fileRef = DD59942430E541A80C8E8E3F; };
		F3A52AE62E4F00FB0E4F436A = { isa = PBXFileReference; lastKnownFileType = sourcecode.swift; path = "Sources/DaBin/AppState.swift"; sourceTree = SOURCE_ROOT; };
		9ADDE54145B42B069C269D9F = { isa = PBXBuildFile; fileRef = F3A52AE62E4F00FB0E4F436A; };
		E554A759210B07250F0775C6 = { isa = PBXFileReference; lastKnownFileType = sourcecode.swift; path = "Sources/DaBin/ApplicationCoordinator.swift"; sourceTree = SOURCE_ROOT; };
		0A20A065ECA410B6962A2A6F = { isa = PBXBuildFile; fileRef = E554A759210B07250F0775C6; };
		9E8E5C924E01E3A184DD0705 = { isa = PBXFileReference; lastKnownFileType = sourcecode.swift; path = "Sources/DaBin/ApplicationMenu.swift"; sourceTree = SOURCE_ROOT; };
		715472BC35B358F9FEEE6ADA = { isa = PBXBuildFile; fileRef = 9E8E5C924E01E3A184DD0705; };
		2CD3E91BA92F2F8EEF71EF34 = { isa = PBXFileReference; lastKnownFileType = sourcecode.swift; path = "Sources/DaBin/BoardComponents.swift"; sourceTree = SOURCE_ROOT; };
		03730DA2615C5BD05B5022B8 = { isa = PBXBuildFile; fileRef = 2CD3E91BA92F2F8EEF71EF34; };
		5FCE10EDE8DA683AE7841B4F = { isa = PBXFileReference; lastKnownFileType = sourcecode.swift; path = "Sources/DaBin/BoardView.swift"; sourceTree = SOURCE_ROOT; };
		D76088E81DE5502EF93C1EE4 = { isa = PBXBuildFile; fileRef = 5FCE10EDE8DA683AE7841B4F; };
		01F8FC8BD48A77B7E8660CA1 = { isa = PBXFileReference; lastKnownFileType = sourcecode.swift; path = "Sources/DaBin/BoredRobotView.swift"; sourceTree = SOURCE_ROOT; };
		8C8228C17E27A698D0714203 = { isa = PBXBuildFile; fileRef = 01F8FC8BD48A77B7E8660CA1; };
		9E72BBD8DF5C459101AF567F = { isa = PBXFileReference; lastKnownFileType = sourcecode.swift; path = "Sources/DaBin/CaptureCardGroup.swift"; sourceTree = SOURCE_ROOT; };
		B2D0554087C5D3490C0D7471 = { isa = PBXBuildFile; fileRef = 9E72BBD8DF5C459101AF567F; };
		1AC1CFC58ED89C2BB1A72259 = { isa = PBXFileReference; lastKnownFileType = sourcecode.swift; path = "Sources/DaBin/CaptureCards.swift"; sourceTree = SOURCE_ROOT; };
		492FC33FD3E903D9387A5DEE = { isa = PBXBuildFile; fileRef = 1AC1CFC58ED89C2BB1A72259; };
		65560FC5BE98487F4042253D = { isa = PBXFileReference; lastKnownFileType = sourcecode.swift; path = "Sources/DaBin/CapturePresentation.swift"; sourceTree = SOURCE_ROOT; };
		1A58441E8ED23D983F400617 = { isa = PBXBuildFile; fileRef = 65560FC5BE98487F4042253D; };
		CC8851C70CF0E620F1E8E7D6 = { isa = PBXFileReference; lastKnownFileType = sourcecode.swift; path = "Sources/DaBin/CapturePreviews.swift"; sourceTree = SOURCE_ROOT; };
		AE1F26084D014784BE3083C7 = { isa = PBXBuildFile; fileRef = CC8851C70CF0E620F1E8E7D6; };
		5B809202770682D2A7781596 = { isa = PBXFileReference; lastKnownFileType = sourcecode.swift; path = "Sources/DaBin/CaptureRemoval.swift"; sourceTree = SOURCE_ROOT; };
		D91C02AFD0301E06FEF13070 = { isa = PBXBuildFile; fileRef = 5B809202770682D2A7781596; };
		E55A61A67579EE74BEAA8C23 = { isa = PBXFileReference; lastKnownFileType = sourcecode.swift; path = "Sources/DaBin/CaptureRepository.swift"; sourceTree = SOURCE_ROOT; };
		B21E75929B9249D7690EB2A9 = { isa = PBXBuildFile; fileRef = E55A61A67579EE74BEAA8C23; };
		378DA770F6828B3156F8F9AA = { isa = PBXFileReference; lastKnownFileType = sourcecode.swift; path = "Sources/DaBin/CaptureSourceView.swift"; sourceTree = SOURCE_ROOT; };
		DB8AD4D2558FE78D1491812F = { isa = PBXBuildFile; fileRef = 378DA770F6828B3156F8F9AA; };
		973A795E93A20906F1CFD649 = { isa = PBXFileReference; lastKnownFileType = sourcecode.swift; path = "Sources/DaBin/CaptureStore.swift"; sourceTree = SOURCE_ROOT; };
		453169A4E923B74AD08D60A4 = { isa = PBXBuildFile; fileRef = 973A795E93A20906F1CFD649; };
		3B60066906C6C16370BFC28C = { isa = PBXFileReference; lastKnownFileType = sourcecode.swift; path = "Sources/DaBin/CornerController.swift"; sourceTree = SOURCE_ROOT; };
		FBB7A593ACA3C3CE2753C43D = { isa = PBXBuildFile; fileRef = 3B60066906C6C16370BFC28C; };
		4C2B86ACD1178C323C626D0B = { isa = PBXFileReference; lastKnownFileType = sourcecode.swift; path = "Sources/DaBin/DaBinLogo.swift"; sourceTree = SOURCE_ROOT; };
		D3EDC45E99545E2318516CD4 = { isa = PBXBuildFile; fileRef = 4C2B86ACD1178C323C626D0B; };
		23DB68387CE1E5F3D86C3392 = { isa = PBXFileReference; lastKnownFileType = sourcecode.swift; path = "Sources/DaBin/DaBinMain.swift"; sourceTree = SOURCE_ROOT; };
		A900A45D765D88FF238D12C3 = { isa = PBXBuildFile; fileRef = 23DB68387CE1E5F3D86C3392; };
		694F9396A916F3CECF199AFF = { isa = PBXFileReference; lastKnownFileType = sourcecode.swift; path = "Sources/DaBin/DailyArchive.swift"; sourceTree = SOURCE_ROOT; };
		31110333D12800F3F5D8D319 = { isa = PBXBuildFile; fileRef = 694F9396A916F3CECF199AFF; };
		00AE1DFCD010F7F4886E2623 = { isa = PBXFileReference; lastKnownFileType = sourcecode.swift; path = "Sources/DaBin/DailyCaptureView.swift"; sourceTree = SOURCE_ROOT; };
		74E8C4844D8A8EA16B2D565C = { isa = PBXBuildFile; fileRef = 00AE1DFCD010F7F4886E2623; };
		9377D0E1F028D3B3AA1AD470 = { isa = PBXFileReference; lastKnownFileType = sourcecode.swift; path = "Sources/DaBin/DailyScreen.swift"; sourceTree = SOURCE_ROOT; };
		32F8429555C3A976F3B2670A = { isa = PBXBuildFile; fileRef = 9377D0E1F028D3B3AA1AD470; };
		B55075DCC53B6C99C61DDE30 = { isa = PBXFileReference; lastKnownFileType = sourcecode.swift; path = "Sources/DaBin/DetailScreen.swift"; sourceTree = SOURCE_ROOT; };
		77A980DDC0A59BB9933FAC48 = { isa = PBXBuildFile; fileRef = B55075DCC53B6C99C61DDE30; };
		3E96A6D0A3B821AA6DFD7F78 = { isa = PBXFileReference; lastKnownFileType = sourcecode.swift; path = "Sources/DaBin/Domain.swift"; sourceTree = SOURCE_ROOT; };
		1EE7846E91F821F556DA4D9F = { isa = PBXBuildFile; fileRef = 3E96A6D0A3B821AA6DFD7F78; };
		78A2F1D9D2EB30A8DCC1EAC1 = { isa = PBXFileReference; lastKnownFileType = sourcecode.swift; path = "Sources/DaBin/FittedPDFPreview.swift"; sourceTree = SOURCE_ROOT; };
		FC0E13AEDC4410E16C0FF0DD = { isa = PBXBuildFile; fileRef = 78A2F1D9D2EB30A8DCC1EAC1; };
		374DC36A557ABD43FDF55BC0 = { isa = PBXFileReference; lastKnownFileType = sourcecode.swift; path = "Sources/DaBin/GroupedCaptureCard.swift"; sourceTree = SOURCE_ROOT; };
		06751506ADA836AB9CBF20EF = { isa = PBXBuildFile; fileRef = 374DC36A557ABD43FDF55BC0; };
		DC1B3954931CAF26F5297AA8 = { isa = PBXFileReference; lastKnownFileType = sourcecode.swift; path = "Sources/DaBin/InputService.swift"; sourceTree = SOURCE_ROOT; };
		B2DAD47517CC6804771D5626 = { isa = PBXBuildFile; fileRef = DC1B3954931CAF26F5297AA8; };
		47E6A6CF8FE64CC6BF2D56E9 = { isa = PBXFileReference; lastKnownFileType = sourcecode.swift; path = "Sources/DaBin/OriginalFileStorage.swift"; sourceTree = SOURCE_ROOT; };
		4E4583BFEA01C6865C97607C = { isa = PBXBuildFile; fileRef = 47E6A6CF8FE64CC6BF2D56E9; };
		054FDEDE1A71433AD1853818 = { isa = PBXFileReference; lastKnownFileType = sourcecode.swift; path = "Sources/DaBin/PreviewRequest.swift"; sourceTree = SOURCE_ROOT; };
		35A847044729373988E39D3C = { isa = PBXBuildFile; fileRef = 054FDEDE1A71433AD1853818; };
		1262A0922421CE4DFAA66791 = { isa = PBXFileReference; lastKnownFileType = sourcecode.swift; path = "Sources/DaBin/PreviewService.swift"; sourceTree = SOURCE_ROOT; };
		05EAD435C05C9CD3376FE311 = { isa = PBXBuildFile; fileRef = 1262A0922421CE4DFAA66791; };
		4CD2A220E10E5B8771D23ACF = { isa = PBXFileReference; lastKnownFileType = sourcecode.swift; path = "Sources/DaBin/PrivacyInformation.swift"; sourceTree = SOURCE_ROOT; };
		11AF367217AE4697BFE34C0F = { isa = PBXBuildFile; fileRef = 4CD2A220E10E5B8771D23ACF; };
		6F813F08651613F7DA9F5A36 = { isa = PBXFileReference; lastKnownFileType = sourcecode.swift; path = "Sources/DaBin/ReminderLifecycle.swift"; sourceTree = SOURCE_ROOT; };
		EBB613346544926C273A84B1 = { isa = PBXBuildFile; fileRef = 6F813F08651613F7DA9F5A36; };
		F2C24D67C703AF3451A64AB5 = { isa = PBXFileReference; lastKnownFileType = sourcecode.swift; path = "Sources/DaBin/ReminderService.swift"; sourceTree = SOURCE_ROOT; };
		2B13408C5F4658B8643E2FDC = { isa = PBXBuildFile; fileRef = F2C24D67C703AF3451A64AB5; };
		A5011AFF11CBC84AB9A79548 = { isa = PBXFileReference; lastKnownFileType = sourcecode.swift; path = "Sources/DaBin/RemindersScreen.swift"; sourceTree = SOURCE_ROOT; };
		A97BD36AD6F1D51496C23A12 = { isa = PBXBuildFile; fileRef = A5011AFF11CBC84AB9A79548; };
		E1F5B72C5629E0972C1DBD13 = { isa = PBXFileReference; lastKnownFileType = sourcecode.swift; path = "Sources/DaBin/RobotCharacterView.swift"; sourceTree = SOURCE_ROOT; };
		EAE06266C823F8FA07521419 = { isa = PBXBuildFile; fileRef = E1F5B72C5629E0972C1DBD13; };
		11F01CF8D66311072A80C242 = { isa = PBXFileReference; lastKnownFileType = sourcecode.swift; path = "Sources/DaBin/RobotMotion.swift"; sourceTree = SOURCE_ROOT; };
		6CE7E03CE145D19F65C3C5E2 = { isa = PBXBuildFile; fileRef = 11F01CF8D66311072A80C242; };
		7C5D6BC7531D7A56F1194FF1 = { isa = PBXFileReference; lastKnownFileType = sourcecode.swift; path = "Sources/DaBin/RobotPlacementSettings.swift"; sourceTree = SOURCE_ROOT; };
		E254A18F810F2AC3C7060EF3 = { isa = PBXBuildFile; fileRef = 7C5D6BC7531D7A56F1194FF1; };
		38A7A510082A8C08A4F471B0 = { isa = PBXFileReference; lastKnownFileType = sourcecode.swift; path = "Sources/DaBin/RobotView.swift"; sourceTree = SOURCE_ROOT; };
		202B55FBEA216EC579FD0F52 = { isa = PBXBuildFile; fileRef = 38A7A510082A8C08A4F471B0; };
		0766E6CB44D92EC538AA7CF8 = { isa = PBXFileReference; lastKnownFileType = sourcecode.swift; path = "Sources/DaBin/SearchScreen.swift"; sourceTree = SOURCE_ROOT; };
		383810A74B41E45BB1AA73D1 = { isa = PBXBuildFile; fileRef = 0766E6CB44D92EC538AA7CF8; };
		6988F7A966905BB1ECC1EC73 = { isa = PBXFileReference; lastKnownFileType = sourcecode.swift; path = "Sources/DaBin/SettingsScreen.swift"; sourceTree = SOURCE_ROOT; };
		44F7872F49F90A0A68BE5DA6 = { isa = PBXBuildFile; fileRef = 6988F7A966905BB1ECC1EC73; };
		916628CDE958FEEA2E6719F3 = { isa = PBXFileReference; lastKnownFileType = sourcecode.swift; path = "Sources/DaBin/SoftwareUpdateService.swift"; sourceTree = SOURCE_ROOT; };
		F4915E82B45F7C0362E61A32 = { isa = PBXBuildFile; fileRef = 916628CDE958FEEA2E6719F3; };
		EF782E732176F7ACF3814564 = { isa = PBXFileReference; lastKnownFileType = sourcecode.swift; path = "Sources/DaBin/TaskEditorScreen.swift"; sourceTree = SOURCE_ROOT; };
		CFB7D51B9549C8E72A3BEEFC = { isa = PBXBuildFile; fileRef = EF782E732176F7ACF3814564; };
		2A32FD9D2DEAB886A44670A4 = { isa = PBXFileReference; lastKnownFileType = sourcecode.swift; path = "Sources/DaBin/ThemeSettings.swift"; sourceTree = SOURCE_ROOT; };
		66DC43C780A9B4A42FEC1CCD = { isa = PBXBuildFile; fileRef = 2A32FD9D2DEAB886A44670A4; };
		AD9BEB95788387828848FF82 = { isa = PBXFileReference; lastKnownFileType = sourcecode.swift; path = "Sources/DaBin/UpdateHandoff.swift"; sourceTree = SOURCE_ROOT; };
		8C5E64353477097F5E8C1697 = { isa = PBXBuildFile; fileRef = AD9BEB95788387828848FF82; };
		B876184C259B954BDDDA65F6 = { isa = PBXFileReference; lastKnownFileType = sourcecode.swift; path = "Sources/DaBin/WeeklyScreen.swift"; sourceTree = SOURCE_ROOT; };
		02B909B2F81D5CA43B081455 = { isa = PBXBuildFile; fileRef = B876184C259B954BDDDA65F6; };
		86DBEC385A1AEC4C3ACECB4C = { isa = PBXFileReference; lastKnownFileType = sourcecode.swift; path = "Sources/DaBin/WindowDragHandle.swift"; sourceTree = SOURCE_ROOT; };
		7EBC66D857916920B6E5BFB0 = { isa = PBXBuildFile; fileRef = 86DBEC385A1AEC4C3ACECB4C; };
		445AFB9A10CBBAE48539A39F = { isa = PBXFileReference; lastKnownFileType = image.icns; path = "Resources/AppIcon.icns"; sourceTree = SOURCE_ROOT; };
		5A3525FB6931C46507CD84B4 = { isa = PBXBuildFile; fileRef = 445AFB9A10CBBAE48539A39F; };
		5F2C0BAFF5ECE16FF3ADD729 = { isa = PBXFileReference; lastKnownFileType = text.xml; path = "Resources/PrivacyInfo.xcprivacy"; sourceTree = SOURCE_ROOT; };
		D04AF157FB143F17000DA183 = { isa = PBXBuildFile; fileRef = 5F2C0BAFF5ECE16FF3ADD729; };
		69A112B0EEE1C7401C15D0B8 = { isa = PBXFileReference; lastKnownFileType = text; path = "Resources/PrivacyPolicy.md"; sourceTree = SOURCE_ROOT; };
		1EF2FDA037B32BB28746FB31 = { isa = PBXBuildFile; fileRef = 69A112B0EEE1C7401C15D0B8; };
		65044DD082056F112CBE221E = { isa = PBXFileReference; lastKnownFileType = image.svg; path = "Resources/robot.svg"; sourceTree = SOURCE_ROOT; };
		AB064F911C74AA51F0FB935B = { isa = PBXBuildFile; fileRef = 65044DD082056F112CBE221E; };
		D37B9395C2BAF168F977CE9F = { isa = PBXFileReference; lastKnownFileType = sourcecode.swift; path = Tests/XcodeSmokeTests.swift; sourceTree = SOURCE_ROOT; };
		587854A59EFBF8969CAFD37F = { isa = PBXBuildFile; fileRef = D37B9395C2BAF168F977CE9F; };
		A8792157CB4F27FB949C035F = { isa = PBXFileReference; explicitFileType = wrapper.application; path = DaBin.app; sourceTree = BUILT_PRODUCTS_DIR; };
		E7F08BCC397888750F5CB9BD = { isa = PBXFileReference; explicitFileType = wrapper.cfbundle; path = DaBinTests.xctest; sourceTree = BUILT_PRODUCTS_DIR; };
		0A3E27B8CA818264D75C8D81 = { isa = PBXGroup; children = (A8792157CB4F27FB949C035F, E7F08BCC397888750F5CB9BD,); name = Products; sourceTree = "<group>"; };
		AC2EB98FF658C52A44263493 = { isa = PBXGroup; children = (DD59942430E541A80C8E8E3F, E554A759210B07250F0775C6, 9E8E5C924E01E3A184DD0705, 23DB68387CE1E5F3D86C3392,); name = "Application"; sourceTree = "<group>"; };
		57D1943181A9A7AF44D45247 = { isa = PBXGroup; children = (F3A52AE62E4F00FB0E4F436A, 3E96A6D0A3B821AA6DFD7F78,); name = "State and Domain"; sourceTree = "<group>"; };
		51D66EF370FFC03A5A4D6212 = { isa = PBXGroup; children = (5B809202770682D2A7781596, E55A61A67579EE74BEAA8C23, 973A795E93A20906F1CFD649, 694F9396A916F3CECF199AFF, 47E6A6CF8FE64CC6BF2D56E9,); name = "Storage"; sourceTree = "<group>"; };
		F292DD82EAA50DC4328B0061 = { isa = PBXGroup; children = (DC1B3954931CAF26F5297AA8, 054FDEDE1A71433AD1853818, 1262A0922421CE4DFAA66791, 6F813F08651613F7DA9F5A36, F2C24D67C703AF3451A64AB5,); name = "Services"; sourceTree = "<group>"; };
		66335A5397BA4FB02EE73B1D = { isa = PBXGroup; children = (3B60066906C6C16370BFC28C, 00AE1DFCD010F7F4886E2623, 38A7A510082A8C08A4F471B0, 86DBEC385A1AEC4C3ACECB4C,); name = "Desktop"; sourceTree = "<group>"; };
		2829CF97C6377689B924DEE1 = { isa = PBXGroup; children = (2CD3E91BA92F2F8EEF71EF34, 5FCE10EDE8DA683AE7841B4F, 01F8FC8BD48A77B7E8660CA1, 9E72BBD8DF5C459101AF567F, 1AC1CFC58ED89C2BB1A72259, 65560FC5BE98487F4042253D, CC8851C70CF0E620F1E8E7D6, 378DA770F6828B3156F8F9AA, 4C2B86ACD1178C323C626D0B, 9377D0E1F028D3B3AA1AD470, B55075DCC53B6C99C61DDE30, 78A2F1D9D2EB30A8DCC1EAC1, 374DC36A557ABD43FDF55BC0, 4CD2A220E10E5B8771D23ACF, A5011AFF11CBC84AB9A79548, E1F5B72C5629E0972C1DBD13, 11F01CF8D66311072A80C242, 7C5D6BC7531D7A56F1194FF1, 0766E6CB44D92EC538AA7CF8, 6988F7A966905BB1ECC1EC73, 916628CDE958FEEA2E6719F3, EF782E732176F7ACF3814564, 2A32FD9D2DEAB886A44670A4, AD9BEB95788387828848FF82, B876184C259B954BDDDA65F6,); name = "Interface"; sourceTree = "<group>"; };
		C230D44FE4F353089DF40A6C = { isa = PBXGroup; children = (AC2EB98FF658C52A44263493, 57D1943181A9A7AF44D45247, 51D66EF370FFC03A5A4D6212, F292DD82EAA50DC4328B0061, 66335A5397BA4FB02EE73B1D, 2829CF97C6377689B924DEE1,); name = Sources; sourceTree = "<group>"; };
		675DF48933E0D23E699B56D3 = { isa = PBXGroup; children = (445AFB9A10CBBAE48539A39F, 5F2C0BAFF5ECE16FF3ADD729, 69A112B0EEE1C7401C15D0B8, 65044DD082056F112CBE221E,); name = Resources; sourceTree = "<group>"; };
		3892457DD311E33CF4B947E1 = { isa = PBXFileReference; lastKnownFileType = sourcecode.swift; path = "Tests/ApplicationLifecycleTests.swift"; sourceTree = SOURCE_ROOT; };
		F387F442D4F735A53C476DF9 = { isa = PBXFileReference; lastKnownFileType = sourcecode.swift; path = "Tests/ArchiveLayoutTests.swift"; sourceTree = SOURCE_ROOT; };
		45F407D3BFBCEF1FD9C5101B = { isa = PBXFileReference; lastKnownFileType = sourcecode.swift; path = "Tests/ArchiveStoreTests.swift"; sourceTree = SOURCE_ROOT; };
		25ED891C5EB989B4ABC98DF8 = { isa = PBXFileReference; lastKnownFileType = sourcecode.swift; path = "Tests/CaptureActionTests.swift"; sourceTree = SOURCE_ROOT; };
		0BB8B80FE822623DFDB8CD35 = { isa = PBXFileReference; lastKnownFileType = sourcecode.swift; path = "Tests/CaptureRemovalTests.swift"; sourceTree = SOURCE_ROOT; };
		B89855FFAC17DCE8C0CAE82B = { isa = PBXFileReference; lastKnownFileType = sourcecode.swift; path = "Tests/DailyCaptureTests.swift"; sourceTree = SOURCE_ROOT; };
		19E1D1A0CA05AC7DE1BAC4C2 = { isa = PBXFileReference; lastKnownFileType = sourcecode.swift; path = "Tests/DomainTests.swift"; sourceTree = SOURCE_ROOT; };
		5BEBB5E2F38D8EEDB0DF7DC9 = { isa = PBXFileReference; lastKnownFileType = sourcecode.swift; path = "Tests/FilterResizeTests.swift"; sourceTree = SOURCE_ROOT; };
		0AC9FFD0C882041B5C9ED277 = { isa = PBXFileReference; lastKnownFileType = sourcecode.swift; path = "Tests/InputTests.swift"; sourceTree = SOURCE_ROOT; };
		454C391B844416844072AB81 = { isa = PBXFileReference; lastKnownFileType = sourcecode.swift; path = "Tests/MediaIntegrationTests.swift"; sourceTree = SOURCE_ROOT; };
		6F32809C9172C2A2C43A7031 = { isa = PBXFileReference; lastKnownFileType = sourcecode.swift; path = "Tests/NativeDropQAMain.swift"; sourceTree = SOURCE_ROOT; };
		FF1DE96E5795C7A2F3BC03DF = { isa = PBXFileReference; lastKnownFileType = sourcecode.swift; path = "Tests/NativeRenderTests.swift"; sourceTree = SOURCE_ROOT; };
		30DB62A2986946022E4E4608 = { isa = PBXFileReference; lastKnownFileType = sourcecode.swift; path = "Tests/PreviewLifecycleTests.swift"; sourceTree = SOURCE_ROOT; };
		1FEC0C5646CA9C4A68F610FE = { isa = PBXFileReference; lastKnownFileType = sourcecode.swift; path = "Tests/PrivacyInformationTests.swift"; sourceTree = SOURCE_ROOT; };
		90A652E64EF16770186093A4 = { isa = PBXFileReference; lastKnownFileType = sourcecode.swift; path = "Tests/PrivacyRenderTests.swift"; sourceTree = SOURCE_ROOT; };
		3F4FD55022342BB2B90EC1A8 = { isa = PBXFileReference; lastKnownFileType = sourcecode.swift; path = "Tests/QALifecycleTests.swift"; sourceTree = SOURCE_ROOT; };
		E6A7517123A669D8AD400484 = { isa = PBXFileReference; lastKnownFileType = sourcecode.swift; path = "Tests/QAStorageScopedSaveTests.swift"; sourceTree = SOURCE_ROOT; };
		3EC0E96689A631B391C06F4E = { isa = PBXFileReference; lastKnownFileType = sourcecode.swift; path = "Tests/RobotDropTests.swift"; sourceTree = SOURCE_ROOT; };
		37B0E4873F18478A397A1920 = { isa = PBXFileReference; lastKnownFileType = sourcecode.swift; path = "Tests/RobotMotionTests.swift"; sourceTree = SOURCE_ROOT; };
		4062805D80D07D9E42D141CB = { isa = PBXFileReference; lastKnownFileType = sourcecode.swift; path = "Tests/ServiceTests.swift"; sourceTree = SOURCE_ROOT; };
		7AE095FA8A701986457E3EE1 = { isa = PBXFileReference; lastKnownFileType = sourcecode.swift; path = "Tests/SoftwareUpdateTests.swift"; sourceTree = SOURCE_ROOT; };
		A7BD93102ACB1995301FC1E2 = { isa = PBXFileReference; lastKnownFileType = sourcecode.swift; path = "Tests/TaskStateTests.swift"; sourceTree = SOURCE_ROOT; };
		0ECCF93C43C4337671045617 = { isa = PBXFileReference; lastKnownFileType = sourcecode.swift; path = "Tests/ThemeSettingsTests.swift"; sourceTree = SOURCE_ROOT; };
		E5393357E56E16AF0013F6A3 = { isa = PBXFileReference; lastKnownFileType = sourcecode.swift; path = "Tests/UpdateConfigurationTests.swift"; sourceTree = SOURCE_ROOT; };
		12603D33346A1F53F9010736 = { isa = PBXFileReference; lastKnownFileType = sourcecode.swift; path = "Tests/WeeklyStateTests.swift"; sourceTree = SOURCE_ROOT; };
		53AE4AE7CD9F7FF768542C2F = { isa = PBXFileReference; lastKnownFileType = sourcecode.swift; path = "Tests/WeeklyWindowTests.swift"; sourceTree = SOURCE_ROOT; };
		14197A639707CF82B3C5D20F = { isa = PBXFileReference; lastKnownFileType = sourcecode.swift; path = "Tests/WindowTests.swift"; sourceTree = SOURCE_ROOT; };
		EEDAA1FD6A7DE98D1B3C23A3 = { isa = PBXGroup; children = (D37B9395C2BAF168F977CE9F, 3892457DD311E33CF4B947E1, F387F442D4F735A53C476DF9, 45F407D3BFBCEF1FD9C5101B, 25ED891C5EB989B4ABC98DF8, 0BB8B80FE822623DFDB8CD35, B89855FFAC17DCE8C0CAE82B, 19E1D1A0CA05AC7DE1BAC4C2, 5BEBB5E2F38D8EEDB0DF7DC9, 0AC9FFD0C882041B5C9ED277, 454C391B844416844072AB81, 6F32809C9172C2A2C43A7031, FF1DE96E5795C7A2F3BC03DF, 30DB62A2986946022E4E4608, 1FEC0C5646CA9C4A68F610FE, 90A652E64EF16770186093A4, 3F4FD55022342BB2B90EC1A8, E6A7517123A669D8AD400484, 3EC0E96689A631B391C06F4E, 37B0E4873F18478A397A1920, 4062805D80D07D9E42D141CB, 7AE095FA8A701986457E3EE1, A7BD93102ACB1995301FC1E2, 0ECCF93C43C4337671045617, E5393357E56E16AF0013F6A3, 12603D33346A1F53F9010736, 53AE4AE7CD9F7FF768542C2F, 14197A639707CF82B3C5D20F,); name = Tests; sourceTree = "<group>"; };
		0D6E4079E36703EBD37C0072 = { isa = PBXGroup; children = (C230D44FE4F353089DF40A6C, 675DF48933E0D23E699B56D3, EEDAA1FD6A7DE98D1B3C23A3, 0A3E27B8CA818264D75C8D81,); sourceTree = "<group>"; };
		878A52FC5FF6A57D50B7B870 = { isa = PBXSourcesBuildPhase; buildActionMask = 2147483647; files = (2D4543B63F78FDAB42569305, 9ADDE54145B42B069C269D9F, 0A20A065ECA410B6962A2A6F, 715472BC35B358F9FEEE6ADA, 03730DA2615C5BD05B5022B8, D76088E81DE5502EF93C1EE4, 8C8228C17E27A698D0714203, B2D0554087C5D3490C0D7471, 492FC33FD3E903D9387A5DEE, 1A58441E8ED23D983F400617, AE1F26084D014784BE3083C7, D91C02AFD0301E06FEF13070, B21E75929B9249D7690EB2A9, DB8AD4D2558FE78D1491812F, 453169A4E923B74AD08D60A4, FBB7A593ACA3C3CE2753C43D, D3EDC45E99545E2318516CD4, A900A45D765D88FF238D12C3, 31110333D12800F3F5D8D319, 74E8C4844D8A8EA16B2D565C, 32F8429555C3A976F3B2670A, 77A980DDC0A59BB9933FAC48, 1EE7846E91F821F556DA4D9F, FC0E13AEDC4410E16C0FF0DD, 06751506ADA836AB9CBF20EF, B2DAD47517CC6804771D5626, 4E4583BFEA01C6865C97607C, 35A847044729373988E39D3C, 05EAD435C05C9CD3376FE311, 11AF367217AE4697BFE34C0F, EBB613346544926C273A84B1, 2B13408C5F4658B8643E2FDC, A97BD36AD6F1D51496C23A12, EAE06266C823F8FA07521419, 6CE7E03CE145D19F65C3C5E2, E254A18F810F2AC3C7060EF3, 202B55FBEA216EC579FD0F52, 383810A74B41E45BB1AA73D1, 44F7872F49F90A0A68BE5DA6, F4915E82B45F7C0362E61A32, CFB7D51B9549C8E72A3BEEFC, 66DC43C780A9B4A42FEC1CCD, 8C5E64353477097F5E8C1697, 02B909B2F81D5CA43B081455, 7EBC66D857916920B6E5BFB0,); runOnlyForDeploymentPostprocessing = 0; };
		41D311A605520FC7B8B9A980 = { isa = PBXResourcesBuildPhase; buildActionMask = 2147483647; files = (5A3525FB6931C46507CD84B4, D04AF157FB143F17000DA183, 1EF2FDA037B32BB28746FB31, AB064F911C74AA51F0FB935B,); runOnlyForDeploymentPostprocessing = 0; };
		E2AA269EB967A8853A258BFA = { isa = PBXFrameworksBuildPhase; buildActionMask = 2147483647; files = (); runOnlyForDeploymentPostprocessing = 0; };
		798B65A4B63A4D08FDD4C755 = { isa = PBXSourcesBuildPhase; buildActionMask = 2147483647; files = (587854A59EFBF8969CAFD37F,); runOnlyForDeploymentPostprocessing = 0; };
		497639E2F38DB3F946CE62A2 = { isa = PBXFrameworksBuildPhase; buildActionMask = 2147483647; files = (); runOnlyForDeploymentPostprocessing = 0; };
		73EBF6644258C120893E685D = { isa = XCBuildConfiguration; buildSettings = { SWIFT_VERSION = "5.0"; MACOSX_DEPLOYMENT_TARGET = "14.0"; SDKROOT = "macosx"; ARCHS = "arm64"; ONLY_ACTIVE_ARCH = "NO"; CLANG_ENABLE_MODULES = "YES"; SWIFT_TREAT_WARNINGS_AS_ERRORS = "YES"; GCC_TREAT_WARNINGS_AS_ERRORS = "YES"; SWIFT_OPTIMIZATION_LEVEL = "-Onone"; SWIFT_ACTIVE_COMPILATION_CONDITIONS = "DEBUG"; ENABLE_TESTABILITY = "YES"; DEBUG_INFORMATION_FORMAT = "dwarf"; }; name = Debug; };
		0B0C687DF8B6B8DC790B519C = { isa = XCBuildConfiguration; buildSettings = { SWIFT_VERSION = "5.0"; MACOSX_DEPLOYMENT_TARGET = "14.0"; SDKROOT = "macosx"; ARCHS = "arm64"; ONLY_ACTIVE_ARCH = "NO"; CLANG_ENABLE_MODULES = "YES"; SWIFT_TREAT_WARNINGS_AS_ERRORS = "YES"; GCC_TREAT_WARNINGS_AS_ERRORS = "YES"; SWIFT_OPTIMIZATION_LEVEL = "-O"; SWIFT_COMPILATION_MODE = "wholemodule"; DEBUG_INFORMATION_FORMAT = "dwarf-with-dsym"; }; name = Release; };
		9879E227F5AD614B3D33074F = { isa = XCConfigurationList; buildConfigurations = (73EBF6644258C120893E685D, 0B0C687DF8B6B8DC790B519C,); defaultConfigurationIsVisible = 0; defaultConfigurationName = Release; };
		B00CCDD09424E369308D67FA = { isa = XCBuildConfiguration; buildSettings = { SWIFT_VERSION = "5.0"; MACOSX_DEPLOYMENT_TARGET = "14.0"; SDKROOT = "macosx"; ARCHS = "arm64"; ONLY_ACTIVE_ARCH = "NO"; CLANG_ENABLE_MODULES = "YES"; SWIFT_TREAT_WARNINGS_AS_ERRORS = "YES"; GCC_TREAT_WARNINGS_AS_ERRORS = "YES"; SWIFT_OPTIMIZATION_LEVEL = "-Onone"; SWIFT_ACTIVE_COMPILATION_CONDITIONS = "DEBUG"; ENABLE_TESTABILITY = "YES"; DEBUG_INFORMATION_FORMAT = "dwarf"; PRODUCT_NAME = "DaBin"; PRODUCT_BUNDLE_IDENTIFIER = "com.dabin.mac"; INFOPLIST_FILE = "Resources/Info.plist"; CODE_SIGN_ENTITLEMENTS = "Resources/DaBin.entitlements"; ENABLE_APP_SANDBOX = "YES"; COMBINE_HIDPI_IMAGES = "YES"; SKIP_INSTALL = "NO"; CODE_SIGN_IDENTITY = "-"; CODE_SIGN_STYLE = "Manual"; }; name = Debug; };
		1B104479E55E37CF8A63CBDF = { isa = XCBuildConfiguration; buildSettings = { SWIFT_VERSION = "5.0"; MACOSX_DEPLOYMENT_TARGET = "14.0"; SDKROOT = "macosx"; ARCHS = "arm64"; ONLY_ACTIVE_ARCH = "NO"; CLANG_ENABLE_MODULES = "YES"; SWIFT_TREAT_WARNINGS_AS_ERRORS = "YES"; GCC_TREAT_WARNINGS_AS_ERRORS = "YES"; SWIFT_OPTIMIZATION_LEVEL = "-O"; SWIFT_COMPILATION_MODE = "wholemodule"; DEBUG_INFORMATION_FORMAT = "dwarf-with-dsym"; PRODUCT_NAME = "DaBin"; PRODUCT_BUNDLE_IDENTIFIER = "com.dabin.mac"; INFOPLIST_FILE = "Resources/Info.plist"; CODE_SIGN_ENTITLEMENTS = "Resources/DaBin.entitlements"; ENABLE_APP_SANDBOX = "YES"; COMBINE_HIDPI_IMAGES = "YES"; SKIP_INSTALL = "NO"; CODE_SIGN_STYLE = "Automatic"; }; name = Release; };
		61571F3444EB024BEA54E0A2 = { isa = XCConfigurationList; buildConfigurations = (B00CCDD09424E369308D67FA, 1B104479E55E37CF8A63CBDF,); defaultConfigurationIsVisible = 0; defaultConfigurationName = Release; };
		DD3F495F7D6A5AA1C1769021 = { isa = XCBuildConfiguration; buildSettings = { SWIFT_VERSION = "5.0"; MACOSX_DEPLOYMENT_TARGET = "14.0"; SDKROOT = "macosx"; ARCHS = "arm64"; ONLY_ACTIVE_ARCH = "NO"; CLANG_ENABLE_MODULES = "YES"; SWIFT_TREAT_WARNINGS_AS_ERRORS = "YES"; GCC_TREAT_WARNINGS_AS_ERRORS = "YES"; SWIFT_OPTIMIZATION_LEVEL = "-Onone"; SWIFT_ACTIVE_COMPILATION_CONDITIONS = "DEBUG"; ENABLE_TESTABILITY = "YES"; DEBUG_INFORMATION_FORMAT = "dwarf"; PRODUCT_NAME = "DaBinTests"; PRODUCT_BUNDLE_IDENTIFIER = "com.dabin.mac.tests"; GENERATE_INFOPLIST_FILE = "YES"; CODE_SIGN_IDENTITY = "-"; TEST_HOST = "$(BUILT_PRODUCTS_DIR)/DaBin.app/Contents/MacOS/DaBin"; BUNDLE_LOADER = "$(TEST_HOST)"; LD_RUNPATH_SEARCH_PATHS = "$(inherited) @executable_path/../Frameworks @loader_path/../Frameworks"; }; name = Debug; };
		E670BC2FFE794172EBC92AE3 = { isa = XCBuildConfiguration; buildSettings = { SWIFT_VERSION = "5.0"; MACOSX_DEPLOYMENT_TARGET = "14.0"; SDKROOT = "macosx"; ARCHS = "arm64"; ONLY_ACTIVE_ARCH = "NO"; CLANG_ENABLE_MODULES = "YES"; SWIFT_TREAT_WARNINGS_AS_ERRORS = "YES"; GCC_TREAT_WARNINGS_AS_ERRORS = "YES"; SWIFT_OPTIMIZATION_LEVEL = "-O"; SWIFT_COMPILATION_MODE = "wholemodule"; DEBUG_INFORMATION_FORMAT = "dwarf-with-dsym"; PRODUCT_NAME = "DaBinTests"; PRODUCT_BUNDLE_IDENTIFIER = "com.dabin.mac.tests"; GENERATE_INFOPLIST_FILE = "YES"; CODE_SIGN_IDENTITY = "-"; TEST_HOST = "$(BUILT_PRODUCTS_DIR)/DaBin.app/Contents/MacOS/DaBin"; BUNDLE_LOADER = "$(TEST_HOST)"; LD_RUNPATH_SEARCH_PATHS = "$(inherited) @executable_path/../Frameworks @loader_path/../Frameworks"; }; name = Release; };
		5629210D75042E670BBE3816 = { isa = XCConfigurationList; buildConfigurations = (DD3F495F7D6A5AA1C1769021, E670BC2FFE794172EBC92AE3,); defaultConfigurationIsVisible = 0; defaultConfigurationName = Release; };
		34A04005BCAF206EEC990BD9 = { isa = PBXNativeTarget; buildConfigurationList = 61571F3444EB024BEA54E0A2; buildPhases = (878A52FC5FF6A57D50B7B870, E2AA269EB967A8853A258BFA, 41D311A605520FC7B8B9A980,); buildRules = (); dependencies = (); name = DaBin; productName = DaBin; productReference = A8792157CB4F27FB949C035F; productType = "com.apple.product-type.application"; };
		1241936D4DD3AAD68FE7BFBD = { isa = PBXContainerItemProxy; containerPortal = 244210E48437B6556980A702; proxyType = 1; remoteGlobalIDString = 34A04005BCAF206EEC990BD9; remoteInfo = DaBin; };
		F26350DAFE3F19AABFD69AC4 = { isa = PBXTargetDependency; target = 34A04005BCAF206EEC990BD9; targetProxy = 1241936D4DD3AAD68FE7BFBD; };
		E5B4A42C1A9B11F842B19C64 = { isa = PBXNativeTarget; buildConfigurationList = 5629210D75042E670BBE3816; buildPhases = (798B65A4B63A4D08FDD4C755, 497639E2F38DB3F946CE62A2,); buildRules = (); dependencies = (F26350DAFE3F19AABFD69AC4,); name = DaBinTests; productName = DaBinTests; productReference = E7F08BCC397888750F5CB9BD; productType = "com.apple.product-type.bundle.unit-test"; };
		244210E48437B6556980A702 = { isa = PBXProject; attributes = { LastUpgradeCheck = 1600; }; buildConfigurationList = 9879E227F5AD614B3D33074F; compatibilityVersion = "Xcode 14.0"; developmentRegion = en; hasScannedForEncodings = 0; knownRegions = (en, Base,); mainGroup = 0D6E4079E36703EBD37C0072; productRefGroup = 0A3E27B8CA818264D75C8D81; projectDirPath = ""; projectRoot = ""; targets = (34A04005BCAF206EEC990BD9, E5B4A42C1A9B11F842B19C64,); };
}; rootObject = 244210E48437B6556980A702; }
