// !$*UTF8*$!
{ archiveVersion = 1; classes = {}; objectVersion = 56; objects = {
		E03E61E87C40193E0E13A066 = { isa = PBXFileReference; lastKnownFileType = sourcecode.swift; path = "Sources/DaBin/AccessibilityAnnouncement.swift"; sourceTree = SOURCE_ROOT; };
		27F16A7E21F49C0A8C1D0AFD = { isa = PBXBuildFile; fileRef = E03E61E87C40193E0E13A066; };
		DD59942430E541A80C8E8E3F = { isa = PBXFileReference; lastKnownFileType = sourcecode.swift; path = "Sources/DaBin/AppDelegate.swift"; sourceTree = SOURCE_ROOT; };
		2D4543B63F78FDAB42569305 = { isa = PBXBuildFile; fileRef = DD59942430E541A80C8E8E3F; };
		F3A52AE62E4F00FB0E4F436A = { isa = PBXFileReference; lastKnownFileType = sourcecode.swift; path = "Sources/DaBin/AppState.swift"; sourceTree = SOURCE_ROOT; };
		9ADDE54145B42B069C269D9F = { isa = PBXBuildFile; fileRef = F3A52AE62E4F00FB0E4F436A; };
		E554A759210B07250F0775C6 = { isa = PBXFileReference; lastKnownFileType = sourcecode.swift; path = "Sources/DaBin/ApplicationCoordinator.swift"; sourceTree = SOURCE_ROOT; };
		0A20A065ECA410B6962A2A6F = { isa = PBXBuildFile; fileRef = E554A759210B07250F0775C6; };
		9E8E5C924E01E3A184DD0705 = { isa = PBXFileReference; lastKnownFileType = sourcecode.swift; path = "Sources/DaBin/ApplicationMenu.swift"; sourceTree = SOURCE_ROOT; };
		715472BC35B358F9FEEE6ADA = { isa = PBXBuildFile; fileRef = 9E8E5C924E01E3A184DD0705; };
		F233601792D30FF983890CB8 = { isa = PBXFileReference; lastKnownFileType = sourcecode.swift; path = "Sources/DaBin/ArchiveBackup.swift"; sourceTree = SOURCE_ROOT; };
		E25DF396AD5F0A46E16C5FE2 = { isa = PBXBuildFile; fileRef = F233601792D30FF983890CB8; };
		78D9B78EEF2A34ADAA859BE6 = { isa = PBXFileReference; lastKnownFileType = sourcecode.swift; path = "Sources/DaBin/AutoCaptureFingerprint.swift"; sourceTree = SOURCE_ROOT; };
		E0A98B51EBF03AFC167FBCF9 = { isa = PBXBuildFile; fileRef = 78D9B78EEF2A34ADAA859BE6; };
		16E651E5DCD0C542C9E93CE2 = { isa = PBXFileReference; lastKnownFileType = sourcecode.swift; path = "Sources/DaBin/AutoCaptureRobotCelebration.swift"; sourceTree = SOURCE_ROOT; };
		E0EFA92097DB41A62C22C3BC = { isa = PBXBuildFile; fileRef = 16E651E5DCD0C542C9E93CE2; };
		386A612CED8C39F0929E2FBA = { isa = PBXFileReference; lastKnownFileType = sourcecode.swift; path = "Sources/DaBin/AutoCaptureRobotPresenter.swift"; sourceTree = SOURCE_ROOT; };
		38A3B153486A9333F83BD0A3 = { isa = PBXBuildFile; fileRef = 386A612CED8C39F0929E2FBA; };
		378A21097C403C9A03C8CFE0 = { isa = PBXFileReference; lastKnownFileType = sourcecode.swift; path = "Sources/DaBin/AutoCaptureService.swift"; sourceTree = SOURCE_ROOT; };
		CBE8533E9EE102BBFC0BAB3F = { isa = PBXBuildFile; fileRef = 378A21097C403C9A03C8CFE0; };
		5146DC26AEBEA71A11B9D4A4 = { isa = PBXFileReference; lastKnownFileType = sourcecode.swift; path = "Sources/DaBin/AutoCaptureSettings.swift"; sourceTree = SOURCE_ROOT; };
		1D6CE446F979E2DA7243D77F = { isa = PBXBuildFile; fileRef = 5146DC26AEBEA71A11B9D4A4; };
		023A67211A1C819C45E220FF = { isa = PBXFileReference; lastKnownFileType = sourcecode.swift; path = "Sources/DaBin/AutoCaptureSignMotion.swift"; sourceTree = SOURCE_ROOT; };
		E3D293C6DC2AB2CABF88530B = { isa = PBXBuildFile; fileRef = 023A67211A1C819C45E220FF; };
		2C3EBC54F4E85F92FB10901F = { isa = PBXFileReference; lastKnownFileType = sourcecode.swift; path = "Sources/DaBin/AutoCaptureSignRouting.swift"; sourceTree = SOURCE_ROOT; };
		6AC7E6D7E4C93C92AC8FBCFF = { isa = PBXBuildFile; fileRef = 2C3EBC54F4E85F92FB10901F; };
		EC0F9A82DDBB1101F0BF6B9E = { isa = PBXFileReference; lastKnownFileType = sourcecode.swift; path = "Sources/DaBin/AutoCaptureSignView.swift"; sourceTree = SOURCE_ROOT; };
		D317519EA30D84E0AA8C103A = { isa = PBXBuildFile; fileRef = EC0F9A82DDBB1101F0BF6B9E; };
		23EB206400081E4573DDB25E = { isa = PBXFileReference; lastKnownFileType = sourcecode.swift; path = "Sources/DaBin/AutoRecordIndicator.swift"; sourceTree = SOURCE_ROOT; };
		90920C8A59353D67E8CE05FB = { isa = PBXBuildFile; fileRef = 23EB206400081E4573DDB25E; };
		2CD3E91BA92F2F8EEF71EF34 = { isa = PBXFileReference; lastKnownFileType = sourcecode.swift; path = "Sources/DaBin/BoardComponents.swift"; sourceTree = SOURCE_ROOT; };
		03730DA2615C5BD05B5022B8 = { isa = PBXBuildFile; fileRef = 2CD3E91BA92F2F8EEF71EF34; };
		268B42FC5ABD8F6BB0E919E2 = { isa = PBXFileReference; lastKnownFileType = sourcecode.swift; path = "Sources/DaBin/BoardResizeGeometry.swift"; sourceTree = SOURCE_ROOT; };
		78E359F452C83D0FC8A94B80 = { isa = PBXBuildFile; fileRef = 268B42FC5ABD8F6BB0E919E2; };
		5FCE10EDE8DA683AE7841B4F = { isa = PBXFileReference; lastKnownFileType = sourcecode.swift; path = "Sources/DaBin/BoardView.swift"; sourceTree = SOURCE_ROOT; };
		D76088E81DE5502EF93C1EE4 = { isa = PBXBuildFile; fileRef = 5FCE10EDE8DA683AE7841B4F; };
		6B501E6E13DE1F4A24B57091 = { isa = PBXFileReference; lastKnownFileType = sourcecode.swift; path = "Sources/DaBin/BoardWindowChrome.swift"; sourceTree = SOURCE_ROOT; };
		4FC6DF1462487945F93B1FF5 = { isa = PBXBuildFile; fileRef = 6B501E6E13DE1F4A24B57091; };
		01F8FC8BD48A77B7E8660CA1 = { isa = PBXFileReference; lastKnownFileType = sourcecode.swift; path = "Sources/DaBin/BoredRobotView.swift"; sourceTree = SOURCE_ROOT; };
		8C8228C17E27A698D0714203 = { isa = PBXBuildFile; fileRef = 01F8FC8BD48A77B7E8660CA1; };
		1C91700A1E62800A61564F98 = { isa = PBXFileReference; lastKnownFileType = sourcecode.swift; path = "Sources/DaBin/BuddyControls.swift"; sourceTree = SOURCE_ROOT; };
		EEAC0A32D96A275BEBA9A8AB = { isa = PBXBuildFile; fileRef = 1C91700A1E62800A61564F98; };
		5C55775BBC4782C1E726B65C = { isa = PBXFileReference; lastKnownFileType = sourcecode.swift; path = "Sources/DaBin/CaptureAnnotations.swift"; sourceTree = SOURCE_ROOT; };
		F3D318FF67397BC624D43CE2 = { isa = PBXBuildFile; fileRef = 5C55775BBC4782C1E726B65C; };
		9E72BBD8DF5C459101AF567F = { isa = PBXFileReference; lastKnownFileType = sourcecode.swift; path = "Sources/DaBin/CaptureCardGroup.swift"; sourceTree = SOURCE_ROOT; };
		B2D0554087C5D3490C0D7471 = { isa = PBXBuildFile; fileRef = 9E72BBD8DF5C459101AF567F; };
		1AC1CFC58ED89C2BB1A72259 = { isa = PBXFileReference; lastKnownFileType = sourcecode.swift; path = "Sources/DaBin/CaptureCards.swift"; sourceTree = SOURCE_ROOT; };
		492FC33FD3E903D9387A5DEE = { isa = PBXBuildFile; fileRef = 1AC1CFC58ED89C2BB1A72259; };
		A77B74C1B700D30E5F2E26E1 = { isa = PBXFileReference; lastKnownFileType = sourcecode.swift; path = "Sources/DaBin/CaptureClipboard.swift"; sourceTree = SOURCE_ROOT; };
		0A17557074E6107E6F23BBA1 = { isa = PBXBuildFile; fileRef = A77B74C1B700D30E5F2E26E1; };
		8A88BCDABCC1886E9D6145D6 = { isa = PBXFileReference; lastKnownFileType = sourcecode.swift; path = "Sources/DaBin/CaptureCopyButton.swift"; sourceTree = SOURCE_ROOT; };
		415CCB431065BA09639F7F4D = { isa = PBXBuildFile; fileRef = 8A88BCDABCC1886E9D6145D6; };
		2290FD863D41D726DB8433B0 = { isa = PBXFileReference; lastKnownFileType = sourcecode.swift; path = "Sources/DaBin/CaptureDetailPanels.swift"; sourceTree = SOURCE_ROOT; };
		CFDA913BAB3C49662F74600B = { isa = PBXBuildFile; fileRef = 2290FD863D41D726DB8433B0; };
		5CA4B0E4B581033BCD707F25 = { isa = PBXFileReference; lastKnownFileType = sourcecode.swift; path = "Sources/DaBin/CaptureExtendedCanvas.swift"; sourceTree = SOURCE_ROOT; };
		1AF4908921EB2E99CCBFBAAE = { isa = PBXBuildFile; fileRef = 5CA4B0E4B581033BCD707F25; };
		547E92A48052F2E7A7A25158 = { isa = PBXFileReference; lastKnownFileType = sourcecode.swift; path = "Sources/DaBin/CaptureExtendedWindow.swift"; sourceTree = SOURCE_ROOT; };
		EC2F3C2470FB8178BF855701 = { isa = PBXBuildFile; fileRef = 547E92A48052F2E7A7A25158; };
		E4AF22E40A3ACC8C33676903 = { isa = PBXFileReference; lastKnownFileType = sourcecode.swift; path = "Sources/DaBin/CaptureFilterStrip.swift"; sourceTree = SOURCE_ROOT; };
		05623ACB260F2266DA24ACA1 = { isa = PBXBuildFile; fileRef = E4AF22E40A3ACC8C33676903; };
		30D228ACF6B6B5158B7E338C = { isa = PBXFileReference; lastKnownFileType = sourcecode.swift; path = "Sources/DaBin/CaptureInboxActions.swift"; sourceTree = SOURCE_ROOT; };
		A65AAD96D8262BF29F3A1D2C = { isa = PBXBuildFile; fileRef = 30D228ACF6B6B5158B7E338C; };
		65560FC5BE98487F4042253D = { isa = PBXFileReference; lastKnownFileType = sourcecode.swift; path = "Sources/DaBin/CapturePresentation.swift"; sourceTree = SOURCE_ROOT; };
		1A58441E8ED23D983F400617 = { isa = PBXBuildFile; fileRef = 65560FC5BE98487F4042253D; };
		CC8851C70CF0E620F1E8E7D6 = { isa = PBXFileReference; lastKnownFileType = sourcecode.swift; path = "Sources/DaBin/CapturePreviews.swift"; sourceTree = SOURCE_ROOT; };
		AE1F26084D014784BE3083C7 = { isa = PBXBuildFile; fileRef = CC8851C70CF0E620F1E8E7D6; };
		47877EAB0928EFC9F4E51CF4 = { isa = PBXFileReference; lastKnownFileType = sourcecode.swift; path = "Sources/DaBin/CaptureProvenance.swift"; sourceTree = SOURCE_ROOT; };
		BBE13D2B96D526F8B83959E0 = { isa = PBXBuildFile; fileRef = 47877EAB0928EFC9F4E51CF4; };
		5B809202770682D2A7781596 = { isa = PBXFileReference; lastKnownFileType = sourcecode.swift; path = "Sources/DaBin/CaptureRemoval.swift"; sourceTree = SOURCE_ROOT; };
		D91C02AFD0301E06FEF13070 = { isa = PBXBuildFile; fileRef = 5B809202770682D2A7781596; };
		E55A61A67579EE74BEAA8C23 = { isa = PBXFileReference; lastKnownFileType = sourcecode.swift; path = "Sources/DaBin/CaptureRepository.swift"; sourceTree = SOURCE_ROOT; };
		B21E75929B9249D7690EB2A9 = { isa = PBXBuildFile; fileRef = E55A61A67579EE74BEAA8C23; };
		378DA770F6828B3156F8F9AA = { isa = PBXFileReference; lastKnownFileType = sourcecode.swift; path = "Sources/DaBin/CaptureSourceView.swift"; sourceTree = SOURCE_ROOT; };
		DB8AD4D2558FE78D1491812F = { isa = PBXBuildFile; fileRef = 378DA770F6828B3156F8F9AA; };
		973A795E93A20906F1CFD649 = { isa = PBXFileReference; lastKnownFileType = sourcecode.swift; path = "Sources/DaBin/CaptureStore.swift"; sourceTree = SOURCE_ROOT; };
		453169A4E923B74AD08D60A4 = { isa = PBXBuildFile; fileRef = 973A795E93A20906F1CFD649; };
		E7CDA05AAB777DAC881AF6F4 = { isa = PBXFileReference; lastKnownFileType = sourcecode.swift; path = "Sources/DaBin/CaptureTrailView.swift"; sourceTree = SOURCE_ROOT; };
		DB6117076596A5BE3C9F024A = { isa = PBXBuildFile; fileRef = E7CDA05AAB777DAC881AF6F4; };
		5728EA3F824C5F9329137A69 = { isa = PBXFileReference; lastKnownFileType = sourcecode.swift; path = "Sources/DaBin/ClipboardRetentionService.swift"; sourceTree = SOURCE_ROOT; };
		1D17B639279CEA42B61AAED2 = { isa = PBXBuildFile; fileRef = 5728EA3F824C5F9329137A69; };
		28A6C1F2203B9C56180DF8D0 = { isa = PBXFileReference; lastKnownFileType = sourcecode.swift; path = "Sources/DaBin/ClipboardRetentionSettings.swift"; sourceTree = SOURCE_ROOT; };
		3961A5A57A9B3ADAB9E1C3D6 = { isa = PBXBuildFile; fileRef = 28A6C1F2203B9C56180DF8D0; };
		F33CEE02315E78F02140B1A4 = { isa = PBXFileReference; lastKnownFileType = sourcecode.swift; path = "Sources/DaBin/CollectionPreviewMosaic.swift"; sourceTree = SOURCE_ROOT; };
		889CCBD73B08828EEB8B5AF4 = { isa = PBXBuildFile; fileRef = F33CEE02315E78F02140B1A4; };
		DC7A72A1035AC9CE22AC8EC2 = { isa = PBXFileReference; lastKnownFileType = sourcecode.swift; path = "Sources/DaBin/ContentIndexService.swift"; sourceTree = SOURCE_ROOT; };
		863B3CE18F20B6F8E94A4A96 = { isa = PBXBuildFile; fileRef = DC7A72A1035AC9CE22AC8EC2; };
		3B60066906C6C16370BFC28C = { isa = PBXFileReference; lastKnownFileType = sourcecode.swift; path = "Sources/DaBin/CornerController.swift"; sourceTree = SOURCE_ROOT; };
		FBB7A593ACA3C3CE2753C43D = { isa = PBXBuildFile; fileRef = 3B60066906C6C16370BFC28C; };
		4C2B86ACD1178C323C626D0B = { isa = PBXFileReference; lastKnownFileType = sourcecode.swift; path = "Sources/DaBin/DaBinLogo.swift"; sourceTree = SOURCE_ROOT; };
		D3EDC45E99545E2318516CD4 = { isa = PBXBuildFile; fileRef = 4C2B86ACD1178C323C626D0B; };
		23DB68387CE1E5F3D86C3392 = { isa = PBXFileReference; lastKnownFileType = sourcecode.swift; path = "Sources/DaBin/DaBinMain.swift"; sourceTree = SOURCE_ROOT; };
		A900A45D765D88FF238D12C3 = { isa = PBXBuildFile; fileRef = 23DB68387CE1E5F3D86C3392; };
		694F9396A916F3CECF199AFF = { isa = PBXFileReference; lastKnownFileType = sourcecode.swift; path = "Sources/DaBin/DailyArchive.swift"; sourceTree = SOURCE_ROOT; };
		31110333D12800F3F5D8D319 = { isa = PBXBuildFile; fileRef = 694F9396A916F3CECF199AFF; };
		00AE1DFCD010F7F4886E2623 = { isa = PBXFileReference; lastKnownFileType = sourcecode.swift; path = "Sources/DaBin/DailyCaptureView.swift"; sourceTree = SOURCE_ROOT; };
		74E8C4844D8A8EA16B2D565C = { isa = PBXBuildFile; fileRef = 00AE1DFCD010F7F4886E2623; };
		9377D0E1F028D3B3AA1AD470 = { isa = PBXFileReference; lastKnownFileType = sourcecode.swift; path = "Sources/DaBin/DailyScreen.swift"; sourceTree = SOURCE_ROOT; };
		32F8429555C3A976F3B2670A = { isa = PBXBuildFile; fileRef = 9377D0E1F028D3B3AA1AD470; };
		CBD275C8DF19F01C9398344F = { isa = PBXFileReference; lastKnownFileType = sourcecode.swift; path = "Sources/DaBin/DayExport.swift"; sourceTree = SOURCE_ROOT; };
		544A3A18198BCAB5A28C020A = { isa = PBXBuildFile; fileRef = CBD275C8DF19F01C9398344F; };
		7EFE5364EE4201D60C76387A = { isa = PBXFileReference; lastKnownFileType = sourcecode.swift; path = "Sources/DaBin/DayExportUI.swift"; sourceTree = SOURCE_ROOT; };
		01377977BB83536D92AC3C53 = { isa = PBXBuildFile; fileRef = 7EFE5364EE4201D60C76387A; };
		B55075DCC53B6C99C61DDE30 = { isa = PBXFileReference; lastKnownFileType = sourcecode.swift; path = "Sources/DaBin/DetailScreen.swift"; sourceTree = SOURCE_ROOT; };
		77A980DDC0A59BB9933FAC48 = { isa = PBXBuildFile; fileRef = B55075DCC53B6C99C61DDE30; };
		3E96A6D0A3B821AA6DFD7F78 = { isa = PBXFileReference; lastKnownFileType = sourcecode.swift; path = "Sources/DaBin/Domain.swift"; sourceTree = SOURCE_ROOT; };
		1EE7846E91F821F556DA4D9F = { isa = PBXBuildFile; fileRef = 3E96A6D0A3B821AA6DFD7F78; };
		670C19DC103C567825B56ACD = { isa = PBXFileReference; lastKnownFileType = sourcecode.swift; path = "Sources/DaBin/DraftArchive.swift"; sourceTree = SOURCE_ROOT; };
		BEF12C69F9B0AF88267A2246 = { isa = PBXBuildFile; fileRef = 670C19DC103C567825B56ACD; };
		7DF2CC24196EF8A9960BD5E0 = { isa = PBXFileReference; lastKnownFileType = sourcecode.swift; path = "Sources/DaBin/ExplorerItems.swift"; sourceTree = SOURCE_ROOT; };
		FF014DD418A13B1A22AEF724 = { isa = PBXBuildFile; fileRef = 7DF2CC24196EF8A9960BD5E0; };
		A5BD7E2683335404245FFD78 = { isa = PBXFileReference; lastKnownFileType = sourcecode.swift; path = "Sources/DaBin/ExplorerQuery.swift"; sourceTree = SOURCE_ROOT; };
		A1390080ED3F61BDD6242751 = { isa = PBXBuildFile; fileRef = A5BD7E2683335404245FFD78; };
		C036753766C5257FD0821BD1 = { isa = PBXFileReference; lastKnownFileType = sourcecode.swift; path = "Sources/DaBin/ExplorerScreen.swift"; sourceTree = SOURCE_ROOT; };
		22D023A0334CB168D08BAD85 = { isa = PBXBuildFile; fileRef = C036753766C5257FD0821BD1; };
		697190468C67F82D6502E228 = { isa = PBXFileReference; lastKnownFileType = sourcecode.swift; path = "Sources/DaBin/ExplorerTransfer.swift"; sourceTree = SOURCE_ROOT; };
		C490C5547C2189796900C67E = { isa = PBXBuildFile; fileRef = 697190468C67F82D6502E228; };
		6498630E2D867B703C953A7F = { isa = PBXFileReference; lastKnownFileType = sourcecode.swift; path = "Sources/DaBin/ExplorerViewport.swift"; sourceTree = SOURCE_ROOT; };
		49A30595F59E55E5095DD2C5 = { isa = PBXBuildFile; fileRef = 6498630E2D867B703C953A7F; };
		78A2F1D9D2EB30A8DCC1EAC1 = { isa = PBXFileReference; lastKnownFileType = sourcecode.swift; path = "Sources/DaBin/FittedPDFPreview.swift"; sourceTree = SOURCE_ROOT; };
		FC0E13AEDC4410E16C0FF0DD = { isa = PBXBuildFile; fileRef = 78A2F1D9D2EB30A8DCC1EAC1; };
		374DC36A557ABD43FDF55BC0 = { isa = PBXFileReference; lastKnownFileType = sourcecode.swift; path = "Sources/DaBin/GroupedCaptureCard.swift"; sourceTree = SOURCE_ROOT; };
		06751506ADA836AB9CBF20EF = { isa = PBXBuildFile; fileRef = 374DC36A557ABD43FDF55BC0; };
		F54E54615E839C873C869EAC = { isa = PBXFileReference; lastKnownFileType = sourcecode.swift; path = "Sources/DaBin/HourlyCaptureCard.swift"; sourceTree = SOURCE_ROOT; };
		F0F581E647CD39F004FF9A19 = { isa = PBXBuildFile; fileRef = F54E54615E839C873C869EAC; };
		D4A6A404EF86B3B9550707A8 = { isa = PBXFileReference; lastKnownFileType = sourcecode.swift; path = "Sources/DaBin/HourlyCaptureFeed.swift"; sourceTree = SOURCE_ROOT; };
		06DD175ED5F066DDA84A7DEB = { isa = PBXBuildFile; fileRef = D4A6A404EF86B3B9550707A8; };
		75A8751D8EF0D9D1550F134F = { isa = PBXFileReference; lastKnownFileType = sourcecode.swift; path = "Sources/DaBin/HoverTooltips.swift"; sourceTree = SOURCE_ROOT; };
		13216C3DBBBB9F85370AAC16 = { isa = PBXBuildFile; fileRef = 75A8751D8EF0D9D1550F134F; };
		8DD2949A50E2284AB0B5E419 = { isa = PBXFileReference; lastKnownFileType = sourcecode.swift; path = "Sources/DaBin/InboxScreen.swift"; sourceTree = SOURCE_ROOT; };
		F3208350A9DBA38E12D410A5 = { isa = PBXBuildFile; fileRef = 8DD2949A50E2284AB0B5E419; };
		DC1B3954931CAF26F5297AA8 = { isa = PBXFileReference; lastKnownFileType = sourcecode.swift; path = "Sources/DaBin/InputService.swift"; sourceTree = SOURCE_ROOT; };
		B2DAD47517CC6804771D5626 = { isa = PBXBuildFile; fileRef = DC1B3954931CAF26F5297AA8; };
		0E625F6881DAEC28DE150F4A = { isa = PBXFileReference; lastKnownFileType = sourcecode.swift; path = "Sources/DaBin/IslandRobotChoreography.swift"; sourceTree = SOURCE_ROOT; };
		658254DC98ADC33A92B3710E = { isa = PBXBuildFile; fileRef = 0E625F6881DAEC28DE150F4A; };
		6D2DE25657F9F580BBB984D9 = { isa = PBXFileReference; lastKnownFileType = sourcecode.swift; path = "Sources/DaBin/LibraryScreen.swift"; sourceTree = SOURCE_ROOT; };
		405D1ED3B71734CF13F0FE94 = { isa = PBXBuildFile; fileRef = 6D2DE25657F9F580BBB984D9; };
		743EB877D7EEF2F1AA7963D8 = { isa = PBXFileReference; lastKnownFileType = sourcecode.swift; path = "Sources/DaBin/LocalDOCXTextExtractor.swift"; sourceTree = SOURCE_ROOT; };
		D57EDEC30DCFC9844F07B568 = { isa = PBXBuildFile; fileRef = 743EB877D7EEF2F1AA7963D8; };
		28C7B175E143371BE162E967 = { isa = PBXFileReference; lastKnownFileType = sourcecode.swift; path = "Sources/DaBin/NativeContentDrag.swift"; sourceTree = SOURCE_ROOT; };
		EA7922B8C785F615D2E5404A = { isa = PBXBuildFile; fileRef = 28C7B175E143371BE162E967; };
		7FB5292B561FD7410FA1A41F = { isa = PBXFileReference; lastKnownFileType = sourcecode.swift; path = "Sources/DaBin/NavigationHistory.swift"; sourceTree = SOURCE_ROOT; };
		EB6029CD22E8A1A8E12B0B1B = { isa = PBXBuildFile; fileRef = 7FB5292B561FD7410FA1A41F; };
		D96D0B4FF4DC3096EAB34608 = { isa = PBXFileReference; lastKnownFileType = sourcecode.swift; path = "Sources/DaBin/NewNoteScreen.swift"; sourceTree = SOURCE_ROOT; };
		06D7D1C90081887C4C6DA4D3 = { isa = PBXBuildFile; fileRef = D96D0B4FF4DC3096EAB34608; };
		47E6A6CF8FE64CC6BF2D56E9 = { isa = PBXFileReference; lastKnownFileType = sourcecode.swift; path = "Sources/DaBin/OriginalFileStorage.swift"; sourceTree = SOURCE_ROOT; };
		4E4583BFEA01C6865C97607C = { isa = PBXBuildFile; fileRef = 47E6A6CF8FE64CC6BF2D56E9; };
		054FDEDE1A71433AD1853818 = { isa = PBXFileReference; lastKnownFileType = sourcecode.swift; path = "Sources/DaBin/PreviewRequest.swift"; sourceTree = SOURCE_ROOT; };
		35A847044729373988E39D3C = { isa = PBXBuildFile; fileRef = 054FDEDE1A71433AD1853818; };
		1262A0922421CE4DFAA66791 = { isa = PBXFileReference; lastKnownFileType = sourcecode.swift; path = "Sources/DaBin/PreviewService.swift"; sourceTree = SOURCE_ROOT; };
		05EAD435C05C9CD3376FE311 = { isa = PBXBuildFile; fileRef = 1262A0922421CE4DFAA66791; };
		4CD2A220E10E5B8771D23ACF = { isa = PBXFileReference; lastKnownFileType = sourcecode.swift; path = "Sources/DaBin/PrivacyInformation.swift"; sourceTree = SOURCE_ROOT; };
		11AF367217AE4697BFE34C0F = { isa = PBXBuildFile; fileRef = 4CD2A220E10E5B8771D23ACF; };
		B2888D15621C278FD540E75C = { isa = PBXFileReference; lastKnownFileType = sourcecode.swift; path = "Sources/DaBin/ProjectFileArchive.swift"; sourceTree = SOURCE_ROOT; };
		86E8133B5BE24112E2F1775D = { isa = PBXBuildFile; fileRef = B2888D15621C278FD540E75C; };
		D06AB790A8FF2A102E95F927 = { isa = PBXFileReference; lastKnownFileType = sourcecode.swift; path = "Sources/DaBin/ProjectPickerView.swift"; sourceTree = SOURCE_ROOT; };
		AC15F7E1D454CADBC73E5D8E = { isa = PBXBuildFile; fileRef = D06AB790A8FF2A102E95F927; };
		0A89FAAA4CD061F1FA5CD226 = { isa = PBXFileReference; lastKnownFileType = sourcecode.swift; path = "Sources/DaBin/ProjectWorkspaceCard.swift"; sourceTree = SOURCE_ROOT; };
		66706642BCEF22C5153C4269 = { isa = PBXBuildFile; fileRef = 0A89FAAA4CD061F1FA5CD226; };
		1DF131619A510188E310B7A1 = { isa = PBXFileReference; lastKnownFileType = sourcecode.swift; path = "Sources/DaBin/ProjectWorkspaceExport.swift"; sourceTree = SOURCE_ROOT; };
		B45B9EDAB1E1595FD040E13C = { isa = PBXBuildFile; fileRef = 1DF131619A510188E310B7A1; };
		2883AD0D36B2E31E927330DE = { isa = PBXFileReference; lastKnownFileType = sourcecode.swift; path = "Sources/DaBin/ProjectWorkspaceState.swift"; sourceTree = SOURCE_ROOT; };
		B6BD8D0410B8B22AE237E38E = { isa = PBXBuildFile; fileRef = 2883AD0D36B2E31E927330DE; };
		D1218D5583780BEFE726E887 = { isa = PBXFileReference; lastKnownFileType = sourcecode.swift; path = "Sources/DaBin/ProjectWorkspaceTasks.swift"; sourceTree = SOURCE_ROOT; };
		A5BE1F80D09D49D5ED0F8F0D = { isa = PBXBuildFile; fileRef = D1218D5583780BEFE726E887; };
		D22F0AFE9723A5E8492E3257 = { isa = PBXFileReference; lastKnownFileType = sourcecode.swift; path = "Sources/DaBin/ProjectWorkspaceView.swift"; sourceTree = SOURCE_ROOT; };
		EEF1F778C5FEE49441B74751 = { isa = PBXBuildFile; fileRef = D22F0AFE9723A5E8492E3257; };
		8BCBCC845117FAFA270EEF13 = { isa = PBXFileReference; lastKnownFileType = sourcecode.swift; path = "Sources/DaBin/QuickAccess.swift"; sourceTree = SOURCE_ROOT; };
		A990FD0FF80878B7297C89D1 = { isa = PBXBuildFile; fileRef = 8BCBCC845117FAFA270EEF13; };
		4B45D04CCEB138BB34A1F571 = { isa = PBXFileReference; lastKnownFileType = sourcecode.swift; path = "Sources/DaBin/QuietOrbitGeometry.swift"; sourceTree = SOURCE_ROOT; };
		4A2261FA8570370F9F66AA25 = { isa = PBXBuildFile; fileRef = 4B45D04CCEB138BB34A1F571; };
		2ACD4F797592A568E88A4B99 = { isa = PBXFileReference; lastKnownFileType = sourcecode.swift; path = "Sources/DaBin/QuietOrbitVisualStyle.swift"; sourceTree = SOURCE_ROOT; };
		E97E69C37A6B3ACC97E0DB5F = { isa = PBXBuildFile; fileRef = 2ACD4F797592A568E88A4B99; };
		D915063AA0983B280C69B145 = { isa = PBXFileReference; lastKnownFileType = sourcecode.swift; path = "Sources/DaBin/ReminderAlertCoordinator.swift"; sourceTree = SOURCE_ROOT; };
		ACDDEA692E6CC6DFB2207382 = { isa = PBXBuildFile; fileRef = D915063AA0983B280C69B145; };
		F489CFC1658F072B1F0747F1 = { isa = PBXFileReference; lastKnownFileType = sourcecode.swift; path = "Sources/DaBin/ReminderClockEditor.swift"; sourceTree = SOURCE_ROOT; };
		BB6F4CA5CEAD485463B205BF = { isa = PBXBuildFile; fileRef = F489CFC1658F072B1F0747F1; };
		6F813F08651613F7DA9F5A36 = { isa = PBXFileReference; lastKnownFileType = sourcecode.swift; path = "Sources/DaBin/ReminderLifecycle.swift"; sourceTree = SOURCE_ROOT; };
		EBB613346544926C273A84B1 = { isa = PBXBuildFile; fileRef = 6F813F08651613F7DA9F5A36; };
		D63CD7D27B3F20423DB08691 = { isa = PBXFileReference; lastKnownFileType = sourcecode.swift; path = "Sources/DaBin/ReminderSchedule.swift"; sourceTree = SOURCE_ROOT; };
		DE169A7D7A46C019537A7178 = { isa = PBXBuildFile; fileRef = D63CD7D27B3F20423DB08691; };
		F2C24D67C703AF3451A64AB5 = { isa = PBXFileReference; lastKnownFileType = sourcecode.swift; path = "Sources/DaBin/ReminderService.swift"; sourceTree = SOURCE_ROOT; };
		2B13408C5F4658B8643E2FDC = { isa = PBXBuildFile; fileRef = F2C24D67C703AF3451A64AB5; };
		A5011AFF11CBC84AB9A79548 = { isa = PBXFileReference; lastKnownFileType = sourcecode.swift; path = "Sources/DaBin/RemindersScreen.swift"; sourceTree = SOURCE_ROOT; };
		A97BD36AD6F1D51496C23A12 = { isa = PBXBuildFile; fileRef = A5011AFF11CBC84AB9A79548; };
		C5A0307798B09338EFD9D933 = { isa = PBXFileReference; lastKnownFileType = sourcecode.swift; path = "Sources/DaBin/RobotAppFrameView.swift"; sourceTree = SOURCE_ROOT; };
		3F44892BD20365533C3EDBA3 = { isa = PBXBuildFile; fileRef = C5A0307798B09338EFD9D933; };
		E1F5B72C5629E0972C1DBD13 = { isa = PBXFileReference; lastKnownFileType = sourcecode.swift; path = "Sources/DaBin/RobotCharacterView.swift"; sourceTree = SOURCE_ROOT; };
		EAE06266C823F8FA07521419 = { isa = PBXBuildFile; fileRef = E1F5B72C5629E0972C1DBD13; };
		5A264AAE5ACCD9D02073B734 = { isa = PBXFileReference; lastKnownFileType = sourcecode.swift; path = "Sources/DaBin/RobotLifecycle.swift"; sourceTree = SOURCE_ROOT; };
		12EDCC2F60752821FD92045E = { isa = PBXBuildFile; fileRef = 5A264AAE5ACCD9D02073B734; };
		11F01CF8D66311072A80C242 = { isa = PBXFileReference; lastKnownFileType = sourcecode.swift; path = "Sources/DaBin/RobotMotion.swift"; sourceTree = SOURCE_ROOT; };
		6CE7E03CE145D19F65C3C5E2 = { isa = PBXBuildFile; fileRef = 11F01CF8D66311072A80C242; };
		7C5D6BC7531D7A56F1194FF1 = { isa = PBXFileReference; lastKnownFileType = sourcecode.swift; path = "Sources/DaBin/RobotPlacementSettings.swift"; sourceTree = SOURCE_ROOT; };
		E254A18F810F2AC3C7060EF3 = { isa = PBXBuildFile; fileRef = 7C5D6BC7531D7A56F1194FF1; };
		668D94820102339687CBE86F = { isa = PBXFileReference; lastKnownFileType = sourcecode.swift; path = "Sources/DaBin/RobotProjectSignView.swift"; sourceTree = SOURCE_ROOT; };
		2A091D660463F2AF3B91DCA0 = { isa = PBXBuildFile; fileRef = 668D94820102339687CBE86F; };
		38A7A510082A8C08A4F471B0 = { isa = PBXFileReference; lastKnownFileType = sourcecode.swift; path = "Sources/DaBin/RobotView.swift"; sourceTree = SOURCE_ROOT; };
		202B55FBEA216EC579FD0F52 = { isa = PBXBuildFile; fileRef = 38A7A510082A8C08A4F471B0; };
		4DDBD6806DBDBB4F198F068F = { isa = PBXFileReference; lastKnownFileType = sourcecode.swift; path = "Sources/DaBin/ScratchpadView.swift"; sourceTree = SOURCE_ROOT; };
		ECDF9E55B556975CB26FF94C = { isa = PBXBuildFile; fileRef = 4DDBD6806DBDBB4F198F068F; };
		A97E0F1E08CA8C2E8F20BCF5 = { isa = PBXFileReference; lastKnownFileType = sourcecode.swift; path = "Sources/DaBin/ScreenshotFolderMonitor.swift"; sourceTree = SOURCE_ROOT; };
		612E8F7655B99C13470987EA = { isa = PBXBuildFile; fileRef = A97E0F1E08CA8C2E8F20BCF5; };
		32862CC4AC89ABBBA677E237 = { isa = PBXFileReference; lastKnownFileType = sourcecode.swift; path = "Sources/DaBin/SearchColumnViewport.swift"; sourceTree = SOURCE_ROOT; };
		FF71EEAC01CED2426EBF740E = { isa = PBXBuildFile; fileRef = 32862CC4AC89ABBBA677E237; };
		FBE7E39AEE5F43EA27197ABC = { isa = PBXFileReference; lastKnownFileType = sourcecode.swift; path = "Sources/DaBin/SearchDateBoard.swift"; sourceTree = SOURCE_ROOT; };
		2209DAE17B387038A3C9FAEE = { isa = PBXBuildFile; fileRef = FBE7E39AEE5F43EA27197ABC; };
		42D34E55C002F0EB6466B34E = { isa = PBXFileReference; lastKnownFileType = sourcecode.swift; path = "Sources/DaBin/SearchResultCard.swift"; sourceTree = SOURCE_ROOT; };
		B151428FA8109B1D4ED8791B = { isa = PBXBuildFile; fileRef = 42D34E55C002F0EB6466B34E; };
		0766E6CB44D92EC538AA7CF8 = { isa = PBXFileReference; lastKnownFileType = sourcecode.swift; path = "Sources/DaBin/SearchScreen.swift"; sourceTree = SOURCE_ROOT; };
		383810A74B41E45BB1AA73D1 = { isa = PBXBuildFile; fileRef = 0766E6CB44D92EC538AA7CF8; };
		6988F7A966905BB1ECC1EC73 = { isa = PBXFileReference; lastKnownFileType = sourcecode.swift; path = "Sources/DaBin/SettingsScreen.swift"; sourceTree = SOURCE_ROOT; };
		44F7872F49F90A0A68BE5DA6 = { isa = PBXBuildFile; fileRef = 6988F7A966905BB1ECC1EC73; };
		37E02455F50F367A56637D3D = { isa = PBXFileReference; lastKnownFileType = sourcecode.swift; path = "Sources/DaBin/ShelfCaptureController.swift"; sourceTree = SOURCE_ROOT; };
		A2411B175FBDF4CB47FCFF30 = { isa = PBXBuildFile; fileRef = 37E02455F50F367A56637D3D; };
		1E61A415F5B0A357B38E16A8 = { isa = PBXFileReference; lastKnownFileType = sourcecode.swift; path = "Sources/DaBin/ShelfExport.swift"; sourceTree = SOURCE_ROOT; };
		1CDA2821477ECB04BA25973E = { isa = PBXBuildFile; fileRef = 1E61A415F5B0A357B38E16A8; };
		916628CDE958FEEA2E6719F3 = { isa = PBXFileReference; lastKnownFileType = sourcecode.swift; path = "Sources/DaBin/SoftwareUpdateService.swift"; sourceTree = SOURCE_ROOT; };
		F4915E82B45F7C0362E61A32 = { isa = PBXBuildFile; fileRef = 916628CDE958FEEA2E6719F3; };
		16DAD1F66C7475E76BE7B860 = { isa = PBXFileReference; lastKnownFileType = sourcecode.swift; path = "Sources/DaBin/StatusBarController.swift"; sourceTree = SOURCE_ROOT; };
		F7614C28002A87AD3A2067BA = { isa = PBXBuildFile; fileRef = 16DAD1F66C7475E76BE7B860; };
		A0243D2E67484E6C451F9AB7 = { isa = PBXFileReference; lastKnownFileType = sourcecode.swift; path = "Sources/DaBin/TaskAttachmentsView.swift"; sourceTree = SOURCE_ROOT; };
		9DD21E60155AB8CF8B9534FC = { isa = PBXBuildFile; fileRef = A0243D2E67484E6C451F9AB7; };
		EF782E732176F7ACF3814564 = { isa = PBXFileReference; lastKnownFileType = sourcecode.swift; path = "Sources/DaBin/TaskEditorScreen.swift"; sourceTree = SOURCE_ROOT; };
		CFB7D51B9549C8E72A3BEEFC = { isa = PBXBuildFile; fileRef = EF782E732176F7ACF3814564; };
		AD0B03A0207653A0FCB70CD0 = { isa = PBXFileReference; lastKnownFileType = sourcecode.swift; path = "Sources/DaBin/TaskFocusControls.swift"; sourceTree = SOURCE_ROOT; };
		F721F9CB2A607F8755096D63 = { isa = PBXBuildFile; fileRef = AD0B03A0207653A0FCB70CD0; };
		592233F7A37A2C01199F5977 = { isa = PBXFileReference; lastKnownFileType = sourcecode.swift; path = "Sources/DaBin/TaskFocusSession.swift"; sourceTree = SOURCE_ROOT; };
		5EE799235488DA905FE6862E = { isa = PBXBuildFile; fileRef = 592233F7A37A2C01199F5977; };
		2608C06DEED34E3B67869D8F = { isa = PBXFileReference; lastKnownFileType = sourcecode.swift; path = "Sources/DaBin/TaskPlanning.swift"; sourceTree = SOURCE_ROOT; };
		CA998C3E2D03197022856069 = { isa = PBXBuildFile; fileRef = 2608C06DEED34E3B67869D8F; };
		ACAC032AF32938FA70652969 = { isa = PBXFileReference; lastKnownFileType = sourcecode.swift; path = "Sources/DaBin/TaskPlanningEditor.swift"; sourceTree = SOURCE_ROOT; };
		A978A18C43F8DD0339E86A19 = { isa = PBXBuildFile; fileRef = ACAC032AF32938FA70652969; };
		18B55438D2F14B363E91C336 = { isa = PBXFileReference; lastKnownFileType = sourcecode.swift; path = "Sources/DaBin/TaskTimerAlarmMotion.swift"; sourceTree = SOURCE_ROOT; };
		8EFD9DF5842DEABE978DDC0C = { isa = PBXBuildFile; fileRef = 18B55438D2F14B363E91C336; };
		1F0D5B04E5B5B5B50F7DD901 = { isa = PBXFileReference; lastKnownFileType = sourcecode.swift; path = "Sources/DaBin/TaskTimerRobotPresenter.swift"; sourceTree = SOURCE_ROOT; };
		7BF83985E5BF5EA12410FA89 = { isa = PBXBuildFile; fileRef = 1F0D5B04E5B5B5B50F7DD901; };
		FE0E105EA9CCC497D76DB06E = { isa = PBXFileReference; lastKnownFileType = sourcecode.swift; path = "Sources/DaBin/TaskTimerRobotView.swift"; sourceTree = SOURCE_ROOT; };
		FE63397917B148EE51AC1B45 = { isa = PBXBuildFile; fileRef = FE0E105EA9CCC497D76DB06E; };
		2A32FD9D2DEAB886A44670A4 = { isa = PBXFileReference; lastKnownFileType = sourcecode.swift; path = "Sources/DaBin/ThemeSettings.swift"; sourceTree = SOURCE_ROOT; };
		66DC43C780A9B4A42FEC1CCD = { isa = PBXBuildFile; fileRef = 2A32FD9D2DEAB886A44670A4; };
		72827EAB41B417C965EC0B7D = { isa = PBXFileReference; lastKnownFileType = sourcecode.swift; path = "Sources/DaBin/TimelineCalendarPicker.swift"; sourceTree = SOURCE_ROOT; };
		5F4A001EB64F683E29D8CA29 = { isa = PBXBuildFile; fileRef = 72827EAB41B417C965EC0B7D; };
		648682391149A3BECCAF418C = { isa = PBXFileReference; lastKnownFileType = sourcecode.swift; path = "Sources/DaBin/TodayPlanningScreen.swift"; sourceTree = SOURCE_ROOT; };
		5B8DA74F718D63F828650705 = { isa = PBXBuildFile; fileRef = 648682391149A3BECCAF418C; };
		FD2C55EEBE9A78C4520C26E5 = { isa = PBXFileReference; lastKnownFileType = sourcecode.swift; path = "Sources/DaBin/TodayTaskCard.swift"; sourceTree = SOURCE_ROOT; };
		7F6A6D1B34D87F16782561BA = { isa = PBXBuildFile; fileRef = FD2C55EEBE9A78C4520C26E5; };
		14FE7C464A9B3322BDD074B5 = { isa = PBXFileReference; lastKnownFileType = sourcecode.swift; path = "Sources/DaBin/TransientMessagePresentation.swift"; sourceTree = SOURCE_ROOT; };
		1FC964964FF67C1B68988062 = { isa = PBXBuildFile; fileRef = 14FE7C464A9B3322BDD074B5; };
		93D72E54960A0F28D88E05CE = { isa = PBXFileReference; lastKnownFileType = sourcecode.swift; path = "Sources/DaBin/TrashScreen.swift"; sourceTree = SOURCE_ROOT; };
		CD9E06655BB118053CDFDB4B = { isa = PBXBuildFile; fileRef = 93D72E54960A0F28D88E05CE; };
		AD9BEB95788387828848FF82 = { isa = PBXFileReference; lastKnownFileType = sourcecode.swift; path = "Sources/DaBin/UpdateHandoff.swift"; sourceTree = SOURCE_ROOT; };
		8C5E64353477097F5E8C1697 = { isa = PBXBuildFile; fileRef = AD9BEB95788387828848FF82; };
		BD1BDEB69EF669924391C2D2 = { isa = PBXFileReference; lastKnownFileType = sourcecode.swift; path = "Sources/DaBin/WeeklyDateSelection.swift"; sourceTree = SOURCE_ROOT; };
		4B4B93DD99A0D16EA2886E3E = { isa = PBXBuildFile; fileRef = BD1BDEB69EF669924391C2D2; };
		630889E763BEC15423E0A58E = { isa = PBXFileReference; lastKnownFileType = sourcecode.swift; path = "Sources/DaBin/WeeklyScopeActions.swift"; sourceTree = SOURCE_ROOT; };
		A44A071F4CD05E283AC10603 = { isa = PBXBuildFile; fileRef = 630889E763BEC15423E0A58E; };
		B876184C259B954BDDDA65F6 = { isa = PBXFileReference; lastKnownFileType = sourcecode.swift; path = "Sources/DaBin/WeeklyScreen.swift"; sourceTree = SOURCE_ROOT; };
		02B909B2F81D5CA43B081455 = { isa = PBXBuildFile; fileRef = B876184C259B954BDDDA65F6; };
		86DBEC385A1AEC4C3ACECB4C = { isa = PBXFileReference; lastKnownFileType = sourcecode.swift; path = "Sources/DaBin/WindowDragHandle.swift"; sourceTree = SOURCE_ROOT; };
		7EBC66D857916920B6E5BFB0 = { isa = PBXBuildFile; fileRef = 86DBEC385A1AEC4C3ACECB4C; };
		8C16450D362C072B0C10935B = { isa = PBXFileReference; lastKnownFileType = sourcecode.swift; path = "Sources/DaBin/WorkspaceClipboard.swift"; sourceTree = SOURCE_ROOT; };
		E02FAF4B9D5202ACB4913397 = { isa = PBXBuildFile; fileRef = 8C16450D362C072B0C10935B; };
		ED52B3EBF7340815461158D3 = { isa = PBXFileReference; lastKnownFileType = sourcecode.swift; path = "Sources/DaBin/WorkspaceInput.swift"; sourceTree = SOURCE_ROOT; };
		A01ACE31FAA0FC4E6921FBCE = { isa = PBXBuildFile; fileRef = ED52B3EBF7340815461158D3; };
		4A8D463353F9334AFA3359B3 = { isa = PBXFileReference; lastKnownFileType = sourcecode.swift; path = "Sources/DaBin/WorkspaceItemCard.swift"; sourceTree = SOURCE_ROOT; };
		742E9981F87FE7A83F88ADD0 = { isa = PBXBuildFile; fileRef = 4A8D463353F9334AFA3359B3; };
		28633964B98B32F02539C53F = { isa = PBXFileReference; lastKnownFileType = sourcecode.swift; path = "Sources/DaBin/WorkspaceQuery.swift"; sourceTree = SOURCE_ROOT; };
		020E561A078FB70318AB2500 = { isa = PBXBuildFile; fileRef = 28633964B98B32F02539C53F; };
		B0273CAB1A9531B2729D18E0 = { isa = PBXFileReference; lastKnownFileType = sourcecode.swift; path = "Sources/DaBin/WorkspaceStore.swift"; sourceTree = SOURCE_ROOT; };
		0BC24D1EE6230AF23A37A678 = { isa = PBXBuildFile; fileRef = B0273CAB1A9531B2729D18E0; };
		08A27461A1803FCE237E249B = { isa = PBXFileReference; lastKnownFileType = sourcecode.swift; path = "Sources/DaBin/WorkspaceZoom.swift"; sourceTree = SOURCE_ROOT; };
		EC854D1DC6FC104BA371E4A5 = { isa = PBXBuildFile; fileRef = 08A27461A1803FCE237E249B; };
		D80F8CAADEAD19025F12BE75 = { isa = PBXFileReference; lastKnownFileType = sourcecode.swift; path = "Sources/DaBin/WorkspaceZoomLayout.swift"; sourceTree = SOURCE_ROOT; };
		EE7EF65D39E746E862F54B42 = { isa = PBXBuildFile; fileRef = D80F8CAADEAD19025F12BE75; };
		C599EF0F7ADF1DAF9467AEA0 = { isa = PBXFileReference; lastKnownFileType = sourcecode.swift; path = "Sources/DaBin/WorkspaceZoomScrollAnchor.swift"; sourceTree = SOURCE_ROOT; };
		EB77EA0EBE394B2860211056 = { isa = PBXBuildFile; fileRef = C599EF0F7ADF1DAF9467AEA0; };
		445AFB9A10CBBAE48539A39F = { isa = PBXFileReference; lastKnownFileType = image.icns; path = "Resources/AppIcon.icns"; sourceTree = SOURCE_ROOT; };
		5A3525FB6931C46507CD84B4 = { isa = PBXBuildFile; fileRef = 445AFB9A10CBBAE48539A39F; };
		5F2C0BAFF5ECE16FF3ADD729 = { isa = PBXFileReference; lastKnownFileType = text.xml; path = "Resources/PrivacyInfo.xcprivacy"; sourceTree = SOURCE_ROOT; };
		D04AF157FB143F17000DA183 = { isa = PBXBuildFile; fileRef = 5F2C0BAFF5ECE16FF3ADD729; };
		69A112B0EEE1C7401C15D0B8 = { isa = PBXFileReference; lastKnownFileType = text; path = "Resources/PrivacyPolicy.md"; sourceTree = SOURCE_ROOT; };
		1EF2FDA037B32BB28746FB31 = { isa = PBXBuildFile; fileRef = 69A112B0EEE1C7401C15D0B8; };
		65044DD082056F112CBE221E = { isa = PBXFileReference; lastKnownFileType = image.svg; path = "Resources/robot.svg"; sourceTree = SOURCE_ROOT; };
		AB064F911C74AA51F0FB935B = { isa = PBXBuildFile; fileRef = 65044DD082056F112CBE221E; };
		D37B9395C2BAF168F977CE9F = { isa = PBXFileReference; lastKnownFileType = sourcecode.swift; path = Tests/XcodeSmokeTests.swift; sourceTree = SOURCE_ROOT; };
		587854A59EFBF8969CAFD37F = { isa = PBXBuildFile; fileRef = D37B9395C2BAF168F977CE9F; };
		A8792157CB4F27FB949C035F = { isa = PBXFileReference; explicitFileType = wrapper.application; path = DaBin.app; sourceTree = BUILT_PRODUCTS_DIR; };
		E7F08BCC397888750F5CB9BD = { isa = PBXFileReference; explicitFileType = wrapper.cfbundle; path = DaBinTests.xctest; sourceTree = BUILT_PRODUCTS_DIR; };
		0A3E27B8CA818264D75C8D81 = { isa = PBXGroup; children = (A8792157CB4F27FB949C035F, E7F08BCC397888750F5CB9BD,); name = Products; sourceTree = "<group>"; };
		AC2EB98FF658C52A44263493 = { isa = PBXGroup; children = (DD59942430E541A80C8E8E3F, E554A759210B07250F0775C6, 9E8E5C924E01E3A184DD0705, 23DB68387CE1E5F3D86C3392, 16DAD1F66C7475E76BE7B860,); name = "Application"; sourceTree = "<group>"; };
		57D1943181A9A7AF44D45247 = { isa = PBXGroup; children = (F3A52AE62E4F00FB0E4F436A, 5146DC26AEBEA71A11B9D4A4, CBD275C8DF19F01C9398344F, 3E96A6D0A3B821AA6DFD7F78, D4A6A404EF86B3B9550707A8,); name = "State and Domain"; sourceTree = "<group>"; };
		51D66EF370FFC03A5A4D6212 = { isa = PBXGroup; children = (5B809202770682D2A7781596, E55A61A67579EE74BEAA8C23, 973A795E93A20906F1CFD649, 694F9396A916F3CECF199AFF, 47E6A6CF8FE64CC6BF2D56E9,); name = "Storage"; sourceTree = "<group>"; };
		F292DD82EAA50DC4328B0061 = { isa = PBXGroup; children = (78D9B78EEF2A34ADAA859BE6, 378A21097C403C9A03C8CFE0, A77B74C1B700D30E5F2E26E1, DC7A72A1035AC9CE22AC8EC2, DC1B3954931CAF26F5297AA8, 054FDEDE1A71433AD1853818, 1262A0922421CE4DFAA66791, 6F813F08651613F7DA9F5A36, F2C24D67C703AF3451A64AB5, A97E0F1E08CA8C2E8F20BCF5,); name = "Services"; sourceTree = "<group>"; };
		66335A5397BA4FB02EE73B1D = { isa = PBXGroup; children = (16E651E5DCD0C542C9E93CE2, 386A612CED8C39F0929E2FBA, 3B60066906C6C16370BFC28C, 00AE1DFCD010F7F4886E2623, C5A0307798B09338EFD9D933, 5A264AAE5ACCD9D02073B734, 38A7A510082A8C08A4F471B0, 86DBEC385A1AEC4C3ACECB4C,); name = "Desktop"; sourceTree = "<group>"; };
		2829CF97C6377689B924DEE1 = { isa = PBXGroup; children = (E03E61E87C40193E0E13A066, F233601792D30FF983890CB8, 023A67211A1C819C45E220FF, 2C3EBC54F4E85F92FB10901F, EC0F9A82DDBB1101F0BF6B9E, 23EB206400081E4573DDB25E, 2CD3E91BA92F2F8EEF71EF34, 268B42FC5ABD8F6BB0E919E2, 5FCE10EDE8DA683AE7841B4F, 6B501E6E13DE1F4A24B57091, 01F8FC8BD48A77B7E8660CA1, 1C91700A1E62800A61564F98, 5C55775BBC4782C1E726B65C, 9E72BBD8DF5C459101AF567F, 1AC1CFC58ED89C2BB1A72259, 8A88BCDABCC1886E9D6145D6, 2290FD863D41D726DB8433B0, 5CA4B0E4B581033BCD707F25, 547E92A48052F2E7A7A25158, E4AF22E40A3ACC8C33676903, 30D228ACF6B6B5158B7E338C, 65560FC5BE98487F4042253D, CC8851C70CF0E620F1E8E7D6, 47877EAB0928EFC9F4E51CF4, 378DA770F6828B3156F8F9AA, E7CDA05AAB777DAC881AF6F4, 5728EA3F824C5F9329137A69, 28A6C1F2203B9C56180DF8D0, F33CEE02315E78F02140B1A4, 4C2B86ACD1178C323C626D0B, 9377D0E1F028D3B3AA1AD470, 7EFE5364EE4201D60C76387A, B55075DCC53B6C99C61DDE30, 670C19DC103C567825B56ACD, 7DF2CC24196EF8A9960BD5E0, A5BD7E2683335404245FFD78, C036753766C5257FD0821BD1, 697190468C67F82D6502E228, 6498630E2D867B703C953A7F, 78A2F1D9D2EB30A8DCC1EAC1, 374DC36A557ABD43FDF55BC0, F54E54615E839C873C869EAC, 75A8751D8EF0D9D1550F134F, 8DD2949A50E2284AB0B5E419, 0E625F6881DAEC28DE150F4A, 6D2DE25657F9F580BBB984D9, 743EB877D7EEF2F1AA7963D8, 28C7B175E143371BE162E967, 7FB5292B561FD7410FA1A41F, D96D0B4FF4DC3096EAB34608, 4CD2A220E10E5B8771D23ACF, B2888D15621C278FD540E75C, D06AB790A8FF2A102E95F927, 0A89FAAA4CD061F1FA5CD226, 1DF131619A510188E310B7A1, 2883AD0D36B2E31E927330DE, D1218D5583780BEFE726E887, D22F0AFE9723A5E8492E3257, 8BCBCC845117FAFA270EEF13, 4B45D04CCEB138BB34A1F571, 2ACD4F797592A568E88A4B99, D915063AA0983B280C69B145, F489CFC1658F072B1F0747F1, D63CD7D27B3F20423DB08691, A5011AFF11CBC84AB9A79548, E1F5B72C5629E0972C1DBD13, 11F01CF8D66311072A80C242, 7C5D6BC7531D7A56F1194FF1, 668D94820102339687CBE86F, 4DDBD6806DBDBB4F198F068F, 32862CC4AC89ABBBA677E237, FBE7E39AEE5F43EA27197ABC, 42D34E55C002F0EB6466B34E, 0766E6CB44D92EC538AA7CF8, 6988F7A966905BB1ECC1EC73, 37E02455F50F367A56637D3D, 1E61A415F5B0A357B38E16A8, 916628CDE958FEEA2E6719F3, A0243D2E67484E6C451F9AB7, EF782E732176F7ACF3814564, AD0B03A0207653A0FCB70CD0, 592233F7A37A2C01199F5977, 2608C06DEED34E3B67869D8F, ACAC032AF32938FA70652969, 18B55438D2F14B363E91C336, 1F0D5B04E5B5B5B50F7DD901, FE0E105EA9CCC497D76DB06E, 2A32FD9D2DEAB886A44670A4, 72827EAB41B417C965EC0B7D, 648682391149A3BECCAF418C, FD2C55EEBE9A78C4520C26E5, 14FE7C464A9B3322BDD074B5, 93D72E54960A0F28D88E05CE, AD9BEB95788387828848FF82, BD1BDEB69EF669924391C2D2, 630889E763BEC15423E0A58E, B876184C259B954BDDDA65F6, 8C16450D362C072B0C10935B, ED52B3EBF7340815461158D3, 4A8D463353F9334AFA3359B3, 28633964B98B32F02539C53F, B0273CAB1A9531B2729D18E0, 08A27461A1803FCE237E249B, D80F8CAADEAD19025F12BE75, C599EF0F7ADF1DAF9467AEA0,); name = "Interface"; sourceTree = "<group>"; };
		C230D44FE4F353089DF40A6C = { isa = PBXGroup; children = (AC2EB98FF658C52A44263493, 57D1943181A9A7AF44D45247, 51D66EF370FFC03A5A4D6212, F292DD82EAA50DC4328B0061, 66335A5397BA4FB02EE73B1D, 2829CF97C6377689B924DEE1,); name = Sources; sourceTree = "<group>"; };
		675DF48933E0D23E699B56D3 = { isa = PBXGroup; children = (445AFB9A10CBBAE48539A39F, 5F2C0BAFF5ECE16FF3ADD729, 69A112B0EEE1C7401C15D0B8, 65044DD082056F112CBE221E,); name = Resources; sourceTree = "<group>"; };
		3892457DD311E33CF4B947E1 = { isa = PBXFileReference; lastKnownFileType = sourcecode.swift; path = "Tests/ApplicationLifecycleTests.swift"; sourceTree = SOURCE_ROOT; };
		B162D845B1B09B7D5A9927EE = { isa = PBXFileReference; lastKnownFileType = sourcecode.swift; path = "Tests/ArchiveBackupTests.swift"; sourceTree = SOURCE_ROOT; };
		F387F442D4F735A53C476DF9 = { isa = PBXFileReference; lastKnownFileType = sourcecode.swift; path = "Tests/ArchiveLayoutTests.swift"; sourceTree = SOURCE_ROOT; };
		DE29B374133655E91F6DA4DD = { isa = PBXFileReference; lastKnownFileType = sourcecode.swift; path = "Tests/ArchiveRecoveryTests.swift"; sourceTree = SOURCE_ROOT; };
		45F407D3BFBCEF1FD9C5101B = { isa = PBXFileReference; lastKnownFileType = sourcecode.swift; path = "Tests/ArchiveStoreTests.swift"; sourceTree = SOURCE_ROOT; };
		BF69D90C5422B7FDF42815E2 = { isa = PBXFileReference; lastKnownFileType = sourcecode.swift; path = "Tests/AutoCaptureExplorerResponsivenessTests.swift"; sourceTree = SOURCE_ROOT; };
		364490D22DE25728011F6BE0 = { isa = PBXFileReference; lastKnownFileType = sourcecode.swift; path = "Tests/AutoCaptureRobotCelebrationTests.swift"; sourceTree = SOURCE_ROOT; };
		827EC457E365ECF7BF1D9A97 = { isa = PBXFileReference; lastKnownFileType = sourcecode.swift; path = "Tests/AutoCaptureRobotPresenterTests.swift"; sourceTree = SOURCE_ROOT; };
		DD4F067E98A3EC72A8465326 = { isa = PBXFileReference; lastKnownFileType = sourcecode.swift; path = "Tests/AutoCaptureServiceTests.swift"; sourceTree = SOURCE_ROOT; };
		B135E2573CA0E6292A2B25A3 = { isa = PBXFileReference; lastKnownFileType = sourcecode.swift; path = "Tests/AutoCaptureSignMotionTests.swift"; sourceTree = SOURCE_ROOT; };
		984B3ED14F56C7C3D1085EF5 = { isa = PBXFileReference; lastKnownFileType = sourcecode.swift; path = "Tests/AutoCaptureSignPresenterTests.swift"; sourceTree = SOURCE_ROOT; };
		9BE8F6E2142E5476A3BAB8CA = { isa = PBXFileReference; lastKnownFileType = sourcecode.swift; path = "Tests/AutoCaptureSignRenderTests.swift"; sourceTree = SOURCE_ROOT; };
		77E9E4C97907236C2B2B6062 = { isa = PBXFileReference; lastKnownFileType = sourcecode.swift; path = "Tests/AutoRecordIndicatorTests.swift"; sourceTree = SOURCE_ROOT; };
		58BEE8B95B329F24761D76BA = { isa = PBXFileReference; lastKnownFileType = sourcecode.swift; path = "Tests/BoredRobotArtworkTests.swift"; sourceTree = SOURCE_ROOT; };
		320D010EEEA57DCD005C3960 = { isa = PBXFileReference; lastKnownFileType = sourcecode.swift; path = "Tests/CaptionDragTests.swift"; sourceTree = SOURCE_ROOT; };
		25ED891C5EB989B4ABC98DF8 = { isa = PBXFileReference; lastKnownFileType = sourcecode.swift; path = "Tests/CaptureActionTests.swift"; sourceTree = SOURCE_ROOT; };
		66F173C59E1C02A8E9FAE338 = { isa = PBXFileReference; lastKnownFileType = sourcecode.swift; path = "Tests/CaptureAnnotationTests.swift"; sourceTree = SOURCE_ROOT; };
		E8C537597B8E22668B9A50E6 = { isa = PBXFileReference; lastKnownFileType = sourcecode.swift; path = "Tests/CaptureClipboardTests.swift"; sourceTree = SOURCE_ROOT; };
		44411B4FA45EB310C599A68F = { isa = PBXFileReference; lastKnownFileType = sourcecode.swift; path = "Tests/CaptureDetailNavigationTests.swift"; sourceTree = SOURCE_ROOT; };
		83E5AB381A4614D15D8D316B = { isa = PBXFileReference; lastKnownFileType = sourcecode.swift; path = "Tests/CaptureDetailReadabilityTests.swift"; sourceTree = SOURCE_ROOT; };
		A73D32F044EE35BAC03AB176 = { isa = PBXFileReference; lastKnownFileType = sourcecode.swift; path = "Tests/CaptureExtendedInteractionTests.swift"; sourceTree = SOURCE_ROOT; };
		539A366B6A2A1B0D179BC52C = { isa = PBXFileReference; lastKnownFileType = sourcecode.swift; path = "Tests/CapturePreviewPerformanceTests.swift"; sourceTree = SOURCE_ROOT; };
		53D10AD1DE47A05D12A05154 = { isa = PBXFileReference; lastKnownFileType = sourcecode.swift; path = "Tests/CaptureProvenanceTests.swift"; sourceTree = SOURCE_ROOT; };
		0BB8B80FE822623DFDB8CD35 = { isa = PBXFileReference; lastKnownFileType = sourcecode.swift; path = "Tests/CaptureRemovalTests.swift"; sourceTree = SOURCE_ROOT; };
		E67EB6E878C856AA6703257D = { isa = PBXFileReference; lastKnownFileType = sourcecode.swift; path = "Tests/CaptureTaskConversionTests.swift"; sourceTree = SOURCE_ROOT; };
		5CE8366C2C9D17DACCF6D2D5 = { isa = PBXFileReference; lastKnownFileType = sourcecode.swift; path = "Tests/CaptureTimestampPresentationTests.swift"; sourceTree = SOURCE_ROOT; };
		D52617D15C8F154246C2B9E1 = { isa = PBXFileReference; lastKnownFileType = sourcecode.swift; path = "Tests/CaptureZoomStateTests.swift"; sourceTree = SOURCE_ROOT; };
		F619DFF7DAC9C665668F060C = { isa = PBXFileReference; lastKnownFileType = sourcecode.swift; path = "Tests/ClipboardRetentionTests.swift"; sourceTree = SOURCE_ROOT; };
		A23F96C3502240790DE63B75 = { isa = PBXFileReference; lastKnownFileType = sourcecode.swift; path = "Tests/CollectionCardPresentationTests.swift"; sourceTree = SOURCE_ROOT; };
		AFFC1AABE47E2D700344759F = { isa = PBXFileReference; lastKnownFileType = sourcecode.swift; path = "Tests/CommentDraftArchiveTests.swift"; sourceTree = SOURCE_ROOT; };
		F15C7F5D5B35F003C8803F84 = { isa = PBXFileReference; lastKnownFileType = sourcecode.swift; path = "Tests/ConnectedWorkflowTests.swift"; sourceTree = SOURCE_ROOT; };
		B89855FFAC17DCE8C0CAE82B = { isa = PBXFileReference; lastKnownFileType = sourcecode.swift; path = "Tests/DailyCaptureTests.swift"; sourceTree = SOURCE_ROOT; };
		4C8885F36B29BB8644436AA2 = { isa = PBXFileReference; lastKnownFileType = sourcecode.swift; path = "Tests/DailyGridLayoutTests.swift"; sourceTree = SOURCE_ROOT; };
		418029BB8B0F4845CC4C2250 = { isa = PBXFileReference; lastKnownFileType = sourcecode.swift; path = "Tests/DayExportTests.swift"; sourceTree = SOURCE_ROOT; };
		FE65F2A4CE8A283651385E4D = { isa = PBXFileReference; lastKnownFileType = sourcecode.swift; path = "Tests/DayExportUITests.swift"; sourceTree = SOURCE_ROOT; };
		3A9DA91286FC6A2D43FB4C27 = { isa = PBXFileReference; lastKnownFileType = sourcecode.swift; path = "Tests/DeferredArchiveRepairTests.swift"; sourceTree = SOURCE_ROOT; };
		24638A23094DE4806DDD1232 = { isa = PBXFileReference; lastKnownFileType = sourcecode.swift; path = "Tests/DetailPreviewInteractionTests.swift"; sourceTree = SOURCE_ROOT; };
		19E1D1A0CA05AC7DE1BAC4C2 = { isa = PBXFileReference; lastKnownFileType = sourcecode.swift; path = "Tests/DomainTests.swift"; sourceTree = SOURCE_ROOT; };
		70F1A5022DD26FA5B764C452 = { isa = PBXFileReference; lastKnownFileType = sourcecode.swift; path = "Tests/DurabilityStressTests.swift"; sourceTree = SOURCE_ROOT; };
		ADDFF98D5B1BEE811E59FF42 = { isa = PBXFileReference; lastKnownFileType = sourcecode.swift; path = "Tests/ExplorerCaptureCardPresentationTests.swift"; sourceTree = SOURCE_ROOT; };
		0D0809C56B5ACA984A91426B = { isa = PBXFileReference; lastKnownFileType = sourcecode.swift; path = "Tests/ExplorerKeyboardTests.swift"; sourceTree = SOURCE_ROOT; };
		7C1276D2B98B617217D7668B = { isa = PBXFileReference; lastKnownFileType = sourcecode.swift; path = "Tests/ExplorerQueryTests.swift"; sourceTree = SOURCE_ROOT; };
		423AF5411325BA81ECAA7A3A = { isa = PBXFileReference; lastKnownFileType = sourcecode.swift; path = "Tests/ExplorerTransferTests.swift"; sourceTree = SOURCE_ROOT; };
		B3742657D4A2A8D5AF297D3B = { isa = PBXFileReference; lastKnownFileType = sourcecode.swift; path = "Tests/ExtendedMediaInteractionTests.swift"; sourceTree = SOURCE_ROOT; };
		18C11A9EB7E53CB292F44C04 = { isa = PBXFileReference; lastKnownFileType = sourcecode.swift; path = "Tests/ExternalTransferProcessTests.swift"; sourceTree = SOURCE_ROOT; };
		5BEBB5E2F38D8EEDB0DF7DC9 = { isa = PBXFileReference; lastKnownFileType = sourcecode.swift; path = "Tests/FilterResizeTests.swift"; sourceTree = SOURCE_ROOT; };
		AAEE90994D8362DCC7B90E41 = { isa = PBXFileReference; lastKnownFileType = sourcecode.swift; path = "Tests/FlowActionStressTests.swift"; sourceTree = SOURCE_ROOT; };
		EA64930F207053445AA0EEBA = { isa = PBXFileReference; lastKnownFileType = sourcecode.swift; path = "Tests/HeaderInteractionTests.swift"; sourceTree = SOURCE_ROOT; };
		840201AFBE6C24A4A77C27C3 = { isa = PBXFileReference; lastKnownFileType = sourcecode.swift; path = "Tests/HourlyGroupingTests.swift"; sourceTree = SOURCE_ROOT; };
		0AC9FFD0C882041B5C9ED277 = { isa = PBXFileReference; lastKnownFileType = sourcecode.swift; path = "Tests/InputTests.swift"; sourceTree = SOURCE_ROOT; };
		F49E5F1B2954F5E46A5F5AF0 = { isa = PBXFileReference; lastKnownFileType = sourcecode.swift; path = "Tests/IslandPlaygroundRender.swift"; sourceTree = SOURCE_ROOT; };
		5FB20F7C4FAAFA72EB0AEEB0 = { isa = PBXFileReference; lastKnownFileType = sourcecode.swift; path = "Tests/IslandRobotChoreographyTests.swift"; sourceTree = SOURCE_ROOT; };
		D127F349AB3A25DB9B5BF4D9 = { isa = PBXFileReference; lastKnownFileType = sourcecode.swift; path = "Tests/LocalContentSearchTests.swift"; sourceTree = SOURCE_ROOT; };
		F725357FFF9D1AD412FBA4E1 = { isa = PBXFileReference; lastKnownFileType = sourcecode.swift; path = "Tests/LocalDOCXTextExtractorTests.swift"; sourceTree = SOURCE_ROOT; };
		46957A62F45F121076D0038A = { isa = PBXFileReference; lastKnownFileType = sourcecode.swift; path = "Tests/LocalFileLocationTests.swift"; sourceTree = SOURCE_ROOT; };
		972D18A796814C9F38BD9DDF = { isa = PBXFileReference; lastKnownFileType = sourcecode.swift; path = "Tests/ManualCaptureLifecycleTests.swift"; sourceTree = SOURCE_ROOT; };
		454C391B844416844072AB81 = { isa = PBXFileReference; lastKnownFileType = sourcecode.swift; path = "Tests/MediaIntegrationTests.swift"; sourceTree = SOURCE_ROOT; };
		6D33CF5D7DEC22399B872820 = { isa = PBXFileReference; lastKnownFileType = sourcecode.swift; path = "Tests/NativeContentDragTests.swift"; sourceTree = SOURCE_ROOT; };
		6F32809C9172C2A2C43A7031 = { isa = PBXFileReference; lastKnownFileType = sourcecode.swift; path = "Tests/NativeDropQAMain.swift"; sourceTree = SOURCE_ROOT; };
		FF1DE96E5795C7A2F3BC03DF = { isa = PBXFileReference; lastKnownFileType = sourcecode.swift; path = "Tests/NativeRenderTests.swift"; sourceTree = SOURCE_ROOT; };
		E033E399AA7CA1055C495C0D = { isa = PBXFileReference; lastKnownFileType = sourcecode.swift; path = "Tests/NativeTooltipPreferenceTests.swift"; sourceTree = SOURCE_ROOT; };
		4996FC24099C156CC58C0221 = { isa = PBXFileReference; lastKnownFileType = sourcecode.swift; path = "Tests/NavigationGestureTests.swift"; sourceTree = SOURCE_ROOT; };
		42FB2CFFF098FB4471ECEF47 = { isa = PBXFileReference; lastKnownFileType = sourcecode.swift; path = "Tests/NavigationHistoryTests.swift"; sourceTree = SOURCE_ROOT; };
		72495E3DEB081918FABBE56A = { isa = PBXFileReference; lastKnownFileType = sourcecode.swift; path = "Tests/NotificationPresentationTests.swift"; sourceTree = SOURCE_ROOT; };
		30DB62A2986946022E4E4608 = { isa = PBXFileReference; lastKnownFileType = sourcecode.swift; path = "Tests/PreviewLifecycleTests.swift"; sourceTree = SOURCE_ROOT; };
		1FEC0C5646CA9C4A68F610FE = { isa = PBXFileReference; lastKnownFileType = sourcecode.swift; path = "Tests/PrivacyInformationTests.swift"; sourceTree = SOURCE_ROOT; };
		90A652E64EF16770186093A4 = { isa = PBXFileReference; lastKnownFileType = sourcecode.swift; path = "Tests/PrivacyRenderTests.swift"; sourceTree = SOURCE_ROOT; };
		B6A8BE12BC2AC70FCC40F15C = { isa = PBXFileReference; lastKnownFileType = sourcecode.swift; path = "Tests/ProductFoundationTests.swift"; sourceTree = SOURCE_ROOT; };
		C8A57C66D15A418E9130A86D = { isa = PBXFileReference; lastKnownFileType = sourcecode.swift; path = "Tests/ProjectFileArchiveTests.swift"; sourceTree = SOURCE_ROOT; };
		D2C3619FE097D1FC9EDB55DE = { isa = PBXFileReference; lastKnownFileType = sourcecode.swift; path = "Tests/ProjectPickerTests.swift"; sourceTree = SOURCE_ROOT; };
		453C618F5C6A47B14A24D627 = { isa = PBXFileReference; lastKnownFileType = sourcecode.swift; path = "Tests/ProjectRecordingRobotTests.swift"; sourceTree = SOURCE_ROOT; };
		56CCE70744E723A3383CCFA9 = { isa = PBXFileReference; lastKnownFileType = sourcecode.swift; path = "Tests/ProjectWorkspaceCardTests.swift"; sourceTree = SOURCE_ROOT; };
		54C84CC1EEA9159951026387 = { isa = PBXFileReference; lastKnownFileType = sourcecode.swift; path = "Tests/ProjectWorkspaceExportTests.swift"; sourceTree = SOURCE_ROOT; };
		07D211F14684592AC8331B1B = { isa = PBXFileReference; lastKnownFileType = sourcecode.swift; path = "Tests/ProjectWorkspaceStateTests.swift"; sourceTree = SOURCE_ROOT; };
		5F9BE27E50858C3C2B76ED8A = { isa = PBXFileReference; lastKnownFileType = sourcecode.swift; path = "Tests/ProjectWorkspaceViewTests.swift"; sourceTree = SOURCE_ROOT; };
		3F4FD55022342BB2B90EC1A8 = { isa = PBXFileReference; lastKnownFileType = sourcecode.swift; path = "Tests/QALifecycleTests.swift"; sourceTree = SOURCE_ROOT; };
		E6A7517123A669D8AD400484 = { isa = PBXFileReference; lastKnownFileType = sourcecode.swift; path = "Tests/QAStorageScopedSaveTests.swift"; sourceTree = SOURCE_ROOT; };
		3577A082E51C898272EE7BE9 = { isa = PBXFileReference; lastKnownFileType = sourcecode.swift; path = "Tests/QuickAccessTests.swift"; sourceTree = SOURCE_ROOT; };
		6944064A5B0A67D9E63D9097 = { isa = PBXFileReference; lastKnownFileType = sourcecode.swift; path = "Tests/QuietOrbitRenderTests.swift"; sourceTree = SOURCE_ROOT; };
		8BFCEA650B26A022775CCC4B = { isa = PBXFileReference; lastKnownFileType = sourcecode.swift; path = "Tests/RedesignInteractionTests.swift"; sourceTree = SOURCE_ROOT; };
		C6966A7FC92FDCC4F49D4911 = { isa = PBXFileReference; lastKnownFileType = sourcecode.swift; path = "Tests/ReminderAlertCoordinatorTests.swift"; sourceTree = SOURCE_ROOT; };
		500F19E20E8A38C5D2B06F76 = { isa = PBXFileReference; lastKnownFileType = sourcecode.swift; path = "Tests/RepositoryBatchTests.swift"; sourceTree = SOURCE_ROOT; };
		3C68847655C92403543348CD = { isa = PBXFileReference; lastKnownFileType = sourcecode.swift; path = "Tests/RobotAppFrameTests.swift"; sourceTree = SOURCE_ROOT; };
		33DFF494BE77C45DF008A4BE = { isa = PBXFileReference; lastKnownFileType = sourcecode.swift; path = "Tests/RobotCloseVisualTests.swift"; sourceTree = SOURCE_ROOT; };
		3EC0E96689A631B391C06F4E = { isa = PBXFileReference; lastKnownFileType = sourcecode.swift; path = "Tests/RobotDropTests.swift"; sourceTree = SOURCE_ROOT; };
		EA3EC90D2582CC73CCB13259 = { isa = PBXFileReference; lastKnownFileType = sourcecode.swift; path = "Tests/RobotLifecycleTests.swift"; sourceTree = SOURCE_ROOT; };
		37B0E4873F18478A397A1920 = { isa = PBXFileReference; lastKnownFileType = sourcecode.swift; path = "Tests/RobotMotionTests.swift"; sourceTree = SOURCE_ROOT; };
		766D43F53B4B977A7160F930 = { isa = PBXFileReference; lastKnownFileType = sourcecode.swift; path = "Tests/RobotProjectSignRenderTests.swift"; sourceTree = SOURCE_ROOT; };
		3A5AE8E73A9AA6A8B9528792 = { isa = PBXFileReference; lastKnownFileType = sourcecode.swift; path = "Tests/RobotVisualConsistencyTests.swift"; sourceTree = SOURCE_ROOT; };
		B1AA2A3C93AE41AF3052CB3E = { isa = PBXFileReference; lastKnownFileType = sourcecode.swift; path = "Tests/RobotWindowTransitionTests.swift"; sourceTree = SOURCE_ROOT; };
		0EB0F5F6E42F64A4EA714FF3 = { isa = PBXFileReference; lastKnownFileType = sourcecode.swift; path = "Tests/SearchDateBoardTests.swift"; sourceTree = SOURCE_ROOT; };
		887BA1642EB587193C0C8007 = { isa = PBXFileReference; lastKnownFileType = sourcecode.swift; path = "Tests/SearchInputTests.swift"; sourceTree = SOURCE_ROOT; };
		3CD4DAA3B1D561F4D1D01E4C = { isa = PBXFileReference; lastKnownFileType = sourcecode.swift; path = "Tests/SearchResultExcerptTests.swift"; sourceTree = SOURCE_ROOT; };
		13F16F8809FA7AAF864F0333 = { isa = PBXFileReference; lastKnownFileType = sourcecode.swift; path = "Tests/SearchScopeStateTests.swift"; sourceTree = SOURCE_ROOT; };
		9FADB64B78A667A04959978F = { isa = PBXFileReference; lastKnownFileType = sourcecode.swift; path = "Tests/SearchWindowTests.swift"; sourceTree = SOURCE_ROOT; };
		4062805D80D07D9E42D141CB = { isa = PBXFileReference; lastKnownFileType = sourcecode.swift; path = "Tests/ServiceTests.swift"; sourceTree = SOURCE_ROOT; };
		7AE095FA8A701986457E3EE1 = { isa = PBXFileReference; lastKnownFileType = sourcecode.swift; path = "Tests/SoftwareUpdateTests.swift"; sourceTree = SOURCE_ROOT; };
		2D2215A16B332D5CAB10EDAA = { isa = PBXFileReference; lastKnownFileType = sourcecode.swift; path = "Tests/StoreSandboxSmokeTests.swift"; sourceTree = SOURCE_ROOT; };
		BAC8BD606D76BFED04EB8336 = { isa = PBXFileReference; lastKnownFileType = sourcecode.swift; path = "Tests/TaskFocusTests.swift"; sourceTree = SOURCE_ROOT; };
		247B2C08D9AE1CC1BF763E26 = { isa = PBXFileReference; lastKnownFileType = sourcecode.swift; path = "Tests/TaskPlanInteractionTests.swift"; sourceTree = SOURCE_ROOT; };
		EA35E2B56F0A7DB04C84EA37 = { isa = PBXFileReference; lastKnownFileType = sourcecode.swift; path = "Tests/TaskPlanningTests.swift"; sourceTree = SOURCE_ROOT; };
		44AB7E2EBCE9F14189EBA312 = { isa = PBXFileReference; lastKnownFileType = sourcecode.swift; path = "Tests/TaskPriorityTagTests.swift"; sourceTree = SOURCE_ROOT; };
		A7BD93102ACB1995301FC1E2 = { isa = PBXFileReference; lastKnownFileType = sourcecode.swift; path = "Tests/TaskStateTests.swift"; sourceTree = SOURCE_ROOT; };
		D7FBE7BCD3337B305539476B = { isa = PBXFileReference; lastKnownFileType = sourcecode.swift; path = "Tests/TaskTimerRobotTests.swift"; sourceTree = SOURCE_ROOT; };
		0ECCF93C43C4337671045617 = { isa = PBXFileReference; lastKnownFileType = sourcecode.swift; path = "Tests/ThemeSettingsTests.swift"; sourceTree = SOURCE_ROOT; };
		645ED3637EF903F0CC4F93DB = { isa = PBXFileReference; lastKnownFileType = sourcecode.swift; path = "Tests/TimelineCalendarTests.swift"; sourceTree = SOURCE_ROOT; };
		9A6BF47890D7DAABC1E99083 = { isa = PBXFileReference; lastKnownFileType = sourcecode.swift; path = "Tests/TodayTaskCardTests.swift"; sourceTree = SOURCE_ROOT; };
		5E54D0D6EE86D4144C068DA3 = { isa = PBXFileReference; lastKnownFileType = sourcecode.swift; path = "Tests/TooltipBehaviorTests.swift"; sourceTree = SOURCE_ROOT; };
		56213F600FCC3E8F5EF22CC9 = { isa = PBXFileReference; lastKnownFileType = sourcecode.swift; path = "Tests/TooltipPresentationTests.swift"; sourceTree = SOURCE_ROOT; };
		E5393357E56E16AF0013F6A3 = { isa = PBXFileReference; lastKnownFileType = sourcecode.swift; path = "Tests/UpdateConfigurationTests.swift"; sourceTree = SOURCE_ROOT; };
		FD5C562586A8B8D54DAEE2BA = { isa = PBXFileReference; lastKnownFileType = sourcecode.swift; path = "Tests/VideoPlaybackIntegrationTests.swift"; sourceTree = SOURCE_ROOT; };
		5A844D9B8406970181395700 = { isa = PBXFileReference; lastKnownFileType = sourcecode.swift; path = "Tests/ViewportLifecycleTests.swift"; sourceTree = SOURCE_ROOT; };
		9291DD5F5705317290270C7A = { isa = PBXFileReference; lastKnownFileType = sourcecode.swift; path = "Tests/VisualAnimationStressTests.swift"; sourceTree = SOURCE_ROOT; };
		7A9D7E3EF4DFA09619A423CE = { isa = PBXFileReference; lastKnownFileType = sourcecode.swift; path = "Tests/WalkthroughRenderTests.swift"; sourceTree = SOURCE_ROOT; };
		6D91D609F6C8C71A0E0C96AE = { isa = PBXFileReference; lastKnownFileType = sourcecode.swift; path = "Tests/WeeklyLayoutTests.swift"; sourceTree = SOURCE_ROOT; };
		12603D33346A1F53F9010736 = { isa = PBXFileReference; lastKnownFileType = sourcecode.swift; path = "Tests/WeeklyStateTests.swift"; sourceTree = SOURCE_ROOT; };
		53AE4AE7CD9F7FF768542C2F = { isa = PBXFileReference; lastKnownFileType = sourcecode.swift; path = "Tests/WeeklyWindowTests.swift"; sourceTree = SOURCE_ROOT; };
		D3A585082A9E07B4E329331B = { isa = PBXFileReference; lastKnownFileType = sourcecode.swift; path = "Tests/WindowChromePresentationTests.swift"; sourceTree = SOURCE_ROOT; };
		0BC1A40F724D2E8D0102A4B3 = { isa = PBXFileReference; lastKnownFileType = sourcecode.swift; path = "Tests/WindowResizeInteractionTests.swift"; sourceTree = SOURCE_ROOT; };
		14197A639707CF82B3C5D20F = { isa = PBXFileReference; lastKnownFileType = sourcecode.swift; path = "Tests/WindowTests.swift"; sourceTree = SOURCE_ROOT; };
		6AFC1FD762084FF2BFB1D61E = { isa = PBXFileReference; lastKnownFileType = sourcecode.swift; path = "Tests/WorkInboxTests.swift"; sourceTree = SOURCE_ROOT; };
		CE1B80D266AD4C417B3A40DE = { isa = PBXFileReference; lastKnownFileType = sourcecode.swift; path = "Tests/WorkspaceInputTests.swift"; sourceTree = SOURCE_ROOT; };
		A26AB387CE70E25F1242E036 = { isa = PBXFileReference; lastKnownFileType = sourcecode.swift; path = "Tests/WorkspaceTests.swift"; sourceTree = SOURCE_ROOT; };
		35E1A919C895B7AAF6E81A52 = { isa = PBXFileReference; lastKnownFileType = sourcecode.swift; path = "Tests/WorkspaceWindowTests.swift"; sourceTree = SOURCE_ROOT; };
		ED787CB27DF11AF1C21A447E = { isa = PBXFileReference; lastKnownFileType = sourcecode.swift; path = "Tests/WorkspaceZoomLayoutTests.swift"; sourceTree = SOURCE_ROOT; };
		001FB3E76CD6549F82D67275 = { isa = PBXFileReference; lastKnownFileType = sourcecode.swift; path = "Tests/WorkspaceZoomPerformanceTests.swift"; sourceTree = SOURCE_ROOT; };
		35653675ABE54B90C772DE53 = { isa = PBXFileReference; lastKnownFileType = sourcecode.swift; path = "Tests/WorkspaceZoomTests.swift"; sourceTree = SOURCE_ROOT; };
		EEDAA1FD6A7DE98D1B3C23A3 = { isa = PBXGroup; children = (D37B9395C2BAF168F977CE9F, 3892457DD311E33CF4B947E1, B162D845B1B09B7D5A9927EE, F387F442D4F735A53C476DF9, DE29B374133655E91F6DA4DD, 45F407D3BFBCEF1FD9C5101B, BF69D90C5422B7FDF42815E2, 364490D22DE25728011F6BE0, 827EC457E365ECF7BF1D9A97, DD4F067E98A3EC72A8465326, B135E2573CA0E6292A2B25A3, 984B3ED14F56C7C3D1085EF5, 9BE8F6E2142E5476A3BAB8CA, 77E9E4C97907236C2B2B6062, 58BEE8B95B329F24761D76BA, 320D010EEEA57DCD005C3960, 25ED891C5EB989B4ABC98DF8, 66F173C59E1C02A8E9FAE338, E8C537597B8E22668B9A50E6, 44411B4FA45EB310C599A68F, 83E5AB381A4614D15D8D316B, A73D32F044EE35BAC03AB176, 539A366B6A2A1B0D179BC52C, 53D10AD1DE47A05D12A05154, 0BB8B80FE822623DFDB8CD35, E67EB6E878C856AA6703257D, 5CE8366C2C9D17DACCF6D2D5, D52617D15C8F154246C2B9E1, F619DFF7DAC9C665668F060C, A23F96C3502240790DE63B75, AFFC1AABE47E2D700344759F, F15C7F5D5B35F003C8803F84, B89855FFAC17DCE8C0CAE82B, 4C8885F36B29BB8644436AA2, 418029BB8B0F4845CC4C2250, FE65F2A4CE8A283651385E4D, 3A9DA91286FC6A2D43FB4C27, 24638A23094DE4806DDD1232, 19E1D1A0CA05AC7DE1BAC4C2, 70F1A5022DD26FA5B764C452, ADDFF98D5B1BEE811E59FF42, 0D0809C56B5ACA984A91426B, 7C1276D2B98B617217D7668B, 423AF5411325BA81ECAA7A3A, B3742657D4A2A8D5AF297D3B, 18C11A9EB7E53CB292F44C04, 5BEBB5E2F38D8EEDB0DF7DC9, AAEE90994D8362DCC7B90E41, EA64930F207053445AA0EEBA, 840201AFBE6C24A4A77C27C3, 0AC9FFD0C882041B5C9ED277, F49E5F1B2954F5E46A5F5AF0, 5FB20F7C4FAAFA72EB0AEEB0, D127F349AB3A25DB9B5BF4D9, F725357FFF9D1AD412FBA4E1, 46957A62F45F121076D0038A, 972D18A796814C9F38BD9DDF, 454C391B844416844072AB81, 6D33CF5D7DEC22399B872820, 6F32809C9172C2A2C43A7031, FF1DE96E5795C7A2F3BC03DF, E033E399AA7CA1055C495C0D, 4996FC24099C156CC58C0221, 42FB2CFFF098FB4471ECEF47, 72495E3DEB081918FABBE56A, 30DB62A2986946022E4E4608, 1FEC0C5646CA9C4A68F610FE, 90A652E64EF16770186093A4, B6A8BE12BC2AC70FCC40F15C, C8A57C66D15A418E9130A86D, D2C3619FE097D1FC9EDB55DE, 453C618F5C6A47B14A24D627, 56CCE70744E723A3383CCFA9, 54C84CC1EEA9159951026387, 07D211F14684592AC8331B1B, 5F9BE27E50858C3C2B76ED8A, 3F4FD55022342BB2B90EC1A8, E6A7517123A669D8AD400484, 3577A082E51C898272EE7BE9, 6944064A5B0A67D9E63D9097, 8BFCEA650B26A022775CCC4B, C6966A7FC92FDCC4F49D4911, 500F19E20E8A38C5D2B06F76, 3C68847655C92403543348CD, 33DFF494BE77C45DF008A4BE, 3EC0E96689A631B391C06F4E, EA3EC90D2582CC73CCB13259, 37B0E4873F18478A397A1920, 766D43F53B4B977A7160F930, 3A5AE8E73A9AA6A8B9528792, B1AA2A3C93AE41AF3052CB3E, 0EB0F5F6E42F64A4EA714FF3, 887BA1642EB587193C0C8007, 3CD4DAA3B1D561F4D1D01E4C, 13F16F8809FA7AAF864F0333, 9FADB64B78A667A04959978F, 4062805D80D07D9E42D141CB, 7AE095FA8A701986457E3EE1, 2D2215A16B332D5CAB10EDAA, BAC8BD606D76BFED04EB8336, 247B2C08D9AE1CC1BF763E26, EA35E2B56F0A7DB04C84EA37, 44AB7E2EBCE9F14189EBA312, A7BD93102ACB1995301FC1E2, D7FBE7BCD3337B305539476B, 0ECCF93C43C4337671045617, 645ED3637EF903F0CC4F93DB, 9A6BF47890D7DAABC1E99083, 5E54D0D6EE86D4144C068DA3, 56213F600FCC3E8F5EF22CC9, E5393357E56E16AF0013F6A3, FD5C562586A8B8D54DAEE2BA, 5A844D9B8406970181395700, 9291DD5F5705317290270C7A, 7A9D7E3EF4DFA09619A423CE, 6D91D609F6C8C71A0E0C96AE, 12603D33346A1F53F9010736, 53AE4AE7CD9F7FF768542C2F, D3A585082A9E07B4E329331B, 0BC1A40F724D2E8D0102A4B3, 14197A639707CF82B3C5D20F, 6AFC1FD762084FF2BFB1D61E, CE1B80D266AD4C417B3A40DE, A26AB387CE70E25F1242E036, 35E1A919C895B7AAF6E81A52, ED787CB27DF11AF1C21A447E, 001FB3E76CD6549F82D67275, 35653675ABE54B90C772DE53,); name = Tests; sourceTree = "<group>"; };
		0D6E4079E36703EBD37C0072 = { isa = PBXGroup; children = (C230D44FE4F353089DF40A6C, 675DF48933E0D23E699B56D3, EEDAA1FD6A7DE98D1B3C23A3, 0A3E27B8CA818264D75C8D81,); sourceTree = "<group>"; };
		878A52FC5FF6A57D50B7B870 = { isa = PBXSourcesBuildPhase; buildActionMask = 2147483647; files = (27F16A7E21F49C0A8C1D0AFD, 2D4543B63F78FDAB42569305, 9ADDE54145B42B069C269D9F, 0A20A065ECA410B6962A2A6F, 715472BC35B358F9FEEE6ADA, E25DF396AD5F0A46E16C5FE2, E0A98B51EBF03AFC167FBCF9, E0EFA92097DB41A62C22C3BC, 38A3B153486A9333F83BD0A3, CBE8533E9EE102BBFC0BAB3F, 1D6CE446F979E2DA7243D77F, E3D293C6DC2AB2CABF88530B, 6AC7E6D7E4C93C92AC8FBCFF, D317519EA30D84E0AA8C103A, 90920C8A59353D67E8CE05FB, 03730DA2615C5BD05B5022B8, 78E359F452C83D0FC8A94B80, D76088E81DE5502EF93C1EE4, 4FC6DF1462487945F93B1FF5, 8C8228C17E27A698D0714203, EEAC0A32D96A275BEBA9A8AB, F3D318FF67397BC624D43CE2, B2D0554087C5D3490C0D7471, 492FC33FD3E903D9387A5DEE, 0A17557074E6107E6F23BBA1, 415CCB431065BA09639F7F4D, CFDA913BAB3C49662F74600B, 1AF4908921EB2E99CCBFBAAE, EC2F3C2470FB8178BF855701, 05623ACB260F2266DA24ACA1, A65AAD96D8262BF29F3A1D2C, 1A58441E8ED23D983F400617, AE1F26084D014784BE3083C7, BBE13D2B96D526F8B83959E0, D91C02AFD0301E06FEF13070, B21E75929B9249D7690EB2A9, DB8AD4D2558FE78D1491812F, 453169A4E923B74AD08D60A4, DB6117076596A5BE3C9F024A, 1D17B639279CEA42B61AAED2, 3961A5A57A9B3ADAB9E1C3D6, 889CCBD73B08828EEB8B5AF4, 863B3CE18F20B6F8E94A4A96, FBB7A593ACA3C3CE2753C43D, D3EDC45E99545E2318516CD4, A900A45D765D88FF238D12C3, 31110333D12800F3F5D8D319, 74E8C4844D8A8EA16B2D565C, 32F8429555C3A976F3B2670A, 544A3A18198BCAB5A28C020A, 01377977BB83536D92AC3C53, 77A980DDC0A59BB9933FAC48, 1EE7846E91F821F556DA4D9F, BEF12C69F9B0AF88267A2246, FF014DD418A13B1A22AEF724, A1390080ED3F61BDD6242751, 22D023A0334CB168D08BAD85, C490C5547C2189796900C67E, 49A30595F59E55E5095DD2C5, FC0E13AEDC4410E16C0FF0DD, 06751506ADA836AB9CBF20EF, F0F581E647CD39F004FF9A19, 06DD175ED5F066DDA84A7DEB, 13216C3DBBBB9F85370AAC16, F3208350A9DBA38E12D410A5, B2DAD47517CC6804771D5626, 658254DC98ADC33A92B3710E, 405D1ED3B71734CF13F0FE94, D57EDEC30DCFC9844F07B568, EA7922B8C785F615D2E5404A, EB6029CD22E8A1A8E12B0B1B, 06D7D1C90081887C4C6DA4D3, 4E4583BFEA01C6865C97607C, 35A847044729373988E39D3C, 05EAD435C05C9CD3376FE311, 11AF367217AE4697BFE34C0F, 86E8133B5BE24112E2F1775D, AC15F7E1D454CADBC73E5D8E, 66706642BCEF22C5153C4269, B45B9EDAB1E1595FD040E13C, B6BD8D0410B8B22AE237E38E, A5BE1F80D09D49D5ED0F8F0D, EEF1F778C5FEE49441B74751, A990FD0FF80878B7297C89D1, 4A2261FA8570370F9F66AA25, E97E69C37A6B3ACC97E0DB5F, ACDDEA692E6CC6DFB2207382, BB6F4CA5CEAD485463B205BF, EBB613346544926C273A84B1, DE169A7D7A46C019537A7178, 2B13408C5F4658B8643E2FDC, A97BD36AD6F1D51496C23A12, 3F44892BD20365533C3EDBA3, EAE06266C823F8FA07521419, 12EDCC2F60752821FD92045E, 6CE7E03CE145D19F65C3C5E2, E254A18F810F2AC3C7060EF3, 2A091D660463F2AF3B91DCA0, 202B55FBEA216EC579FD0F52, ECDF9E55B556975CB26FF94C, 612E8F7655B99C13470987EA, FF71EEAC01CED2426EBF740E, 2209DAE17B387038A3C9FAEE, B151428FA8109B1D4ED8791B, 383810A74B41E45BB1AA73D1, 44F7872F49F90A0A68BE5DA6, A2411B175FBDF4CB47FCFF30, 1CDA2821477ECB04BA25973E, F4915E82B45F7C0362E61A32, F7614C28002A87AD3A2067BA, 9DD21E60155AB8CF8B9534FC, CFB7D51B9549C8E72A3BEEFC, F721F9CB2A607F8755096D63, 5EE799235488DA905FE6862E, CA998C3E2D03197022856069, A978A18C43F8DD0339E86A19, 8EFD9DF5842DEABE978DDC0C, 7BF83985E5BF5EA12410FA89, FE63397917B148EE51AC1B45, 66DC43C780A9B4A42FEC1CCD, 5F4A001EB64F683E29D8CA29, 5B8DA74F718D63F828650705, 7F6A6D1B34D87F16782561BA, 1FC964964FF67C1B68988062, CD9E06655BB118053CDFDB4B, 8C5E64353477097F5E8C1697, 4B4B93DD99A0D16EA2886E3E, A44A071F4CD05E283AC10603, 02B909B2F81D5CA43B081455, 7EBC66D857916920B6E5BFB0, E02FAF4B9D5202ACB4913397, A01ACE31FAA0FC4E6921FBCE, 742E9981F87FE7A83F88ADD0, 020E561A078FB70318AB2500, 0BC24D1EE6230AF23A37A678, EC854D1DC6FC104BA371E4A5, EE7EF65D39E746E862F54B42, EB77EA0EBE394B2860211056,); runOnlyForDeploymentPostprocessing = 0; };
		41D311A605520FC7B8B9A980 = { isa = PBXResourcesBuildPhase; buildActionMask = 2147483647; files = (5A3525FB6931C46507CD84B4, D04AF157FB143F17000DA183, 1EF2FDA037B32BB28746FB31, AB064F911C74AA51F0FB935B,); runOnlyForDeploymentPostprocessing = 0; };
		E2AA269EB967A8853A258BFA = { isa = PBXFrameworksBuildPhase; buildActionMask = 2147483647; files = (); runOnlyForDeploymentPostprocessing = 0; };
		798B65A4B63A4D08FDD4C755 = { isa = PBXSourcesBuildPhase; buildActionMask = 2147483647; files = (587854A59EFBF8969CAFD37F,); runOnlyForDeploymentPostprocessing = 0; };
		497639E2F38DB3F946CE62A2 = { isa = PBXFrameworksBuildPhase; buildActionMask = 2147483647; files = (); runOnlyForDeploymentPostprocessing = 0; };
		73EBF6644258C120893E685D = { isa = XCBuildConfiguration; buildSettings = { SWIFT_VERSION = "5.0"; MACOSX_DEPLOYMENT_TARGET = "14.0"; SDKROOT = "macosx"; ARCHS = "arm64"; ONLY_ACTIVE_ARCH = "NO"; CLANG_ENABLE_MODULES = "YES"; SWIFT_TREAT_WARNINGS_AS_ERRORS = "YES"; GCC_TREAT_WARNINGS_AS_ERRORS = "YES"; SWIFT_OPTIMIZATION_LEVEL = "-Onone"; SWIFT_ACTIVE_COMPILATION_CONDITIONS = "DEBUG"; ENABLE_TESTABILITY = "YES"; DEBUG_INFORMATION_FORMAT = "dwarf"; }; name = Debug; };
		0B0C687DF8B6B8DC790B519C = { isa = XCBuildConfiguration; buildSettings = { SWIFT_VERSION = "5.0"; MACOSX_DEPLOYMENT_TARGET = "14.0"; SDKROOT = "macosx"; ARCHS = "arm64"; ONLY_ACTIVE_ARCH = "NO"; CLANG_ENABLE_MODULES = "YES"; SWIFT_TREAT_WARNINGS_AS_ERRORS = "YES"; GCC_TREAT_WARNINGS_AS_ERRORS = "YES"; SWIFT_OPTIMIZATION_LEVEL = "-O"; SWIFT_COMPILATION_MODE = "wholemodule"; DEBUG_INFORMATION_FORMAT = "dwarf-with-dsym"; }; name = Release; };
		9879E227F5AD614B3D33074F = { isa = XCConfigurationList; buildConfigurations = (73EBF6644258C120893E685D, 0B0C687DF8B6B8DC790B519C,); defaultConfigurationIsVisible = 0; defaultConfigurationName = Release; };
		B00CCDD09424E369308D67FA = { isa = XCBuildConfiguration; buildSettings = { SWIFT_VERSION = "5.0"; MACOSX_DEPLOYMENT_TARGET = "14.0"; SDKROOT = "macosx"; ARCHS = "arm64"; ONLY_ACTIVE_ARCH = "NO"; CLANG_ENABLE_MODULES = "YES"; SWIFT_TREAT_WARNINGS_AS_ERRORS = "YES"; GCC_TREAT_WARNINGS_AS_ERRORS = "YES"; SWIFT_OPTIMIZATION_LEVEL = "-Onone"; SWIFT_ACTIVE_COMPILATION_CONDITIONS = "DEBUG"; ENABLE_TESTABILITY = "YES"; DEBUG_INFORMATION_FORMAT = "dwarf"; PRODUCT_NAME = "DaBin"; PRODUCT_BUNDLE_IDENTIFIER = "com.dabin.mac"; INFOPLIST_FILE = "Resources/Info.plist"; CODE_SIGN_ENTITLEMENTS = "Resources/DaBin.entitlements"; ENABLE_APP_SANDBOX = "YES"; COMBINE_HIDPI_IMAGES = "YES"; SKIP_INSTALL = "NO"; CODE_SIGN_IDENTITY = "-"; CODE_SIGN_STYLE = "Manual"; }; name = Debug; };
		1B104479E55E37CF8A63CBDF = { isa = XCBuildConfiguration; buildSettings = { SWIFT_VERSION = "5.0"; MACOSX_DEPLOYMENT_TARGET = "14.0"; SDKROOT = "macosx"; ARCHS = "arm64"; ONLY_ACTIVE_ARCH = "NO"; CLANG_ENABLE_MODULES = "YES"; SWIFT_TREAT_WARNINGS_AS_ERRORS = "YES"; GCC_TREAT_WARNINGS_AS_ERRORS = "YES"; SWIFT_OPTIMIZATION_LEVEL = "-O"; SWIFT_COMPILATION_MODE = "wholemodule"; DEBUG_INFORMATION_FORMAT = "dwarf-with-dsym"; PRODUCT_NAME = "DaBin"; PRODUCT_BUNDLE_IDENTIFIER = "com.dabin.mac"; INFOPLIST_FILE = "Resources/Info.plist"; CODE_SIGN_ENTITLEMENTS = "Resources/DaBin.entitlements"; ENABLE_APP_SANDBOX = "YES"; COMBINE_HIDPI_IMAGES = "YES"; SKIP_INSTALL = "NO"; CODE_SIGN_STYLE = "Automatic"; DEVELOPMENT_TEAM = "8QG4967CSU"; }; name = Release; };
		61571F3444EB024BEA54E0A2 = { isa = XCConfigurationList; buildConfigurations = (B00CCDD09424E369308D67FA, 1B104479E55E37CF8A63CBDF,); defaultConfigurationIsVisible = 0; defaultConfigurationName = Release; };
		DD3F495F7D6A5AA1C1769021 = { isa = XCBuildConfiguration; buildSettings = { SWIFT_VERSION = "5.0"; MACOSX_DEPLOYMENT_TARGET = "14.0"; SDKROOT = "macosx"; ARCHS = "arm64"; ONLY_ACTIVE_ARCH = "NO"; CLANG_ENABLE_MODULES = "YES"; SWIFT_TREAT_WARNINGS_AS_ERRORS = "YES"; GCC_TREAT_WARNINGS_AS_ERRORS = "YES"; SWIFT_OPTIMIZATION_LEVEL = "-Onone"; SWIFT_ACTIVE_COMPILATION_CONDITIONS = "DEBUG"; ENABLE_TESTABILITY = "YES"; DEBUG_INFORMATION_FORMAT = "dwarf"; PRODUCT_NAME = "DaBinTests"; PRODUCT_BUNDLE_IDENTIFIER = "com.dabin.mac.tests"; GENERATE_INFOPLIST_FILE = "YES"; CODE_SIGN_IDENTITY = "-"; TEST_HOST = "$(BUILT_PRODUCTS_DIR)/DaBin.app/Contents/MacOS/DaBin"; BUNDLE_LOADER = "$(TEST_HOST)"; LD_RUNPATH_SEARCH_PATHS = "$(inherited) @executable_path/../Frameworks @loader_path/../Frameworks"; }; name = Debug; };
		E670BC2FFE794172EBC92AE3 = { isa = XCBuildConfiguration; buildSettings = { SWIFT_VERSION = "5.0"; MACOSX_DEPLOYMENT_TARGET = "14.0"; SDKROOT = "macosx"; ARCHS = "arm64"; ONLY_ACTIVE_ARCH = "NO"; CLANG_ENABLE_MODULES = "YES"; SWIFT_TREAT_WARNINGS_AS_ERRORS = "YES"; GCC_TREAT_WARNINGS_AS_ERRORS = "YES"; SWIFT_OPTIMIZATION_LEVEL = "-O"; SWIFT_COMPILATION_MODE = "wholemodule"; DEBUG_INFORMATION_FORMAT = "dwarf-with-dsym"; PRODUCT_NAME = "DaBinTests"; PRODUCT_BUNDLE_IDENTIFIER = "com.dabin.mac.tests"; GENERATE_INFOPLIST_FILE = "YES"; CODE_SIGN_IDENTITY = "-"; TEST_HOST = "$(BUILT_PRODUCTS_DIR)/DaBin.app/Contents/MacOS/DaBin"; BUNDLE_LOADER = "$(TEST_HOST)"; LD_RUNPATH_SEARCH_PATHS = "$(inherited) @executable_path/../Frameworks @loader_path/../Frameworks"; }; name = Release; };
		5629210D75042E670BBE3816 = { isa = XCConfigurationList; buildConfigurations = (DD3F495F7D6A5AA1C1769021, E670BC2FFE794172EBC92AE3,); defaultConfigurationIsVisible = 0; defaultConfigurationName = Release; };
		34A04005BCAF206EEC990BD9 = { isa = PBXNativeTarget; buildConfigurationList = 61571F3444EB024BEA54E0A2; buildPhases = (878A52FC5FF6A57D50B7B870, E2AA269EB967A8853A258BFA, 41D311A605520FC7B8B9A980,); buildRules = (); dependencies = (); name = DaBin; productName = DaBin; productReference = A8792157CB4F27FB949C035F; productType = "com.apple.product-type.application"; };
		1241936D4DD3AAD68FE7BFBD = { isa = PBXContainerItemProxy; containerPortal = 244210E48437B6556980A702; proxyType = 1; remoteGlobalIDString = 34A04005BCAF206EEC990BD9; remoteInfo = DaBin; };
		F26350DAFE3F19AABFD69AC4 = { isa = PBXTargetDependency; target = 34A04005BCAF206EEC990BD9; targetProxy = 1241936D4DD3AAD68FE7BFBD; };
		E5B4A42C1A9B11F842B19C64 = { isa = PBXNativeTarget; buildConfigurationList = 5629210D75042E670BBE3816; buildPhases = (798B65A4B63A4D08FDD4C755, 497639E2F38DB3F946CE62A2,); buildRules = (); dependencies = (F26350DAFE3F19AABFD69AC4,); name = DaBinTests; productName = DaBinTests; productReference = E7F08BCC397888750F5CB9BD; productType = "com.apple.product-type.bundle.unit-test"; };
		244210E48437B6556980A702 = { isa = PBXProject; attributes = { LastUpgradeCheck = 1600; TargetAttributes = { 34A04005BCAF206EEC990BD9 = { DevelopmentTeam = "8QG4967CSU"; ProvisioningStyle = Automatic; }; }; }; buildConfigurationList = 9879E227F5AD614B3D33074F; compatibilityVersion = "Xcode 14.0"; developmentRegion = en; hasScannedForEncodings = 0; knownRegions = (en, Base,); mainGroup = 0D6E4079E36703EBD37C0072; productRefGroup = 0A3E27B8CA818264D75C8D81; projectDirPath = ""; projectRoot = ""; targets = (34A04005BCAF206EEC990BD9, E5B4A42C1A9B11F842B19C64,); };
}; rootObject = 244210E48437B6556980A702; }
